// !$*UTF8*$!
{
	archiveVersion = 1;
	classes = {
	};
	objectVersion = 50;
	objects = {

/* Begin PBXBuildFile section */
		212DB946248069E5000BF378 /* Swift+SpecialEffects.swift in Sources */ = {isa = PBXBuildFile; fileRef = 212DB945248069E5000BF378 /* Swift+SpecialEffects.swift */; };
		212DB94824806A14000BF378 /* Swift+Gif.swift in Sources */ = {isa = PBXBuildFile; fileRef = 212DB94724806A14000BF378 /* Swift+Gif.swift */; };
		212E413424D2B77400FBE319 /* StartupPageViewController.swift in Sources */ = {isa = PBXBuildFile; fileRef = 212E413324D2B77400FBE319 /* StartupPageViewController.swift */; };
		21336918257F3CB800CE7163 /* Sound.swift in Sources */ = {isa = PBXBuildFile; fileRef = 21336917257F3CB800CE7163 /* Sound.swift */; };
		213D924D25E33D49005FB6DE /* Eggplant.mp4 in Resources */ = {isa = PBXBuildFile; fileRef = 213D921E25E33D48005FB6DE /* Eggplant.mp4 */; };
		213D924E25E33D49005FB6DE /* Broccoli.mp4 in Resources */ = {isa = PBXBuildFile; fileRef = 213D921F25E33D48005FB6DE /* Broccoli.mp4 */; };
		213D924F25E33D49005FB6DE /* Pumpkin.mp4 in Resources */ = {isa = PBXBuildFile; fileRef = 213D922025E33D48005FB6DE /* Pumpkin.mp4 */; };
		213D925025E33D49005FB6DE /* Carrot.mp4 in Resources */ = {isa = PBXBuildFile; fileRef = 213D922125E33D48005FB6DE /* Carrot.mp4 */; };
		213D925125E33D49005FB6DE /* Mushroom.mp4 in Resources */ = {isa = PBXBuildFile; fileRef = 213D922225E33D48005FB6DE /* Mushroom.mp4 */; };
		213D925225E33D49005FB6DE /* Potato.mp4 in Resources */ = {isa = PBXBuildFile; fileRef = 213D922325E33D48005FB6DE /* Potato.mp4 */; };
		213D925325E33D49005FB6DE /* Capsicum.mp4 in Resources */ = {isa = PBXBuildFile; fileRef = 213D922425E33D48005FB6DE /* Capsicum.mp4 */; };
		213D925425E33D49005FB6DE /* 7.mp4 in Resources */ = {isa = PBXBuildFile; fileRef = 213D922625E33D48005FB6DE /* 7.mp4 */; };
		213D925525E33D49005FB6DE /* 6.mp4 in Resources */ = {isa = PBXBuildFile; fileRef = 213D922725E33D48005FB6DE /* 6.mp4 */; };
		213D925625E33D49005FB6DE /* 4.mp4 in Resources */ = {isa = PBXBuildFile; fileRef = 213D922825E33D48005FB6DE /* 4.mp4 */; };
		213D925725E33D49005FB6DE /* 5.mp4 in Resources */ = {isa = PBXBuildFile; fileRef = 213D922925E33D48005FB6DE /* 5.mp4 */; };
		213D925825E33D49005FB6DE /* 1.mp4 in Resources */ = {isa = PBXBuildFile; fileRef = 213D922A25E33D48005FB6DE /* 1.mp4 */; };
		213D925925E33D49005FB6DE /* 2.mp4 in Resources */ = {isa = PBXBuildFile; fileRef = 213D922B25E33D48005FB6DE /* 2.mp4 */; };
		213D925A25E33D49005FB6DE /* 3.mp4 in Resources */ = {isa = PBXBuildFile; fileRef = 213D922C25E33D48005FB6DE /* 3.mp4 */; };
		213D925B25E33D49005FB6DE /* Star.mp4 in Resources */ = {isa = PBXBuildFile; fileRef = 213D922E25E33D48005FB6DE /* Star.mp4 */; };
		213D925C25E33D49005FB6DE /* Square.mp4 in Resources */ = {isa = PBXBuildFile; fileRef = 213D922F25E33D48005FB6DE /* Square.mp4 */; };
		213D925D25E33D49005FB6DE /* Heart.mp4 in Resources */ = {isa = PBXBuildFile; fileRef = 213D923025E33D48005FB6DE /* Heart.mp4 */; };
		213D925E25E33D49005FB6DE /* Triangle.mp4 in Resources */ = {isa = PBXBuildFile; fileRef = 213D923125E33D48005FB6DE /* Triangle.mp4 */; };
		213D925F25E33D49005FB6DE /* Rectangle.mp4 in Resources */ = {isa = PBXBuildFile; fileRef = 213D923225E33D48005FB6DE /* Rectangle.mp4 */; };
		213D926025E33D49005FB6DE /* Circle.mp4 in Resources */ = {isa = PBXBuildFile; fileRef = 213D923325E33D48005FB6DE /* Circle.mp4 */; };
		213D926125E33D49005FB6DE /* Oval.mp4 in Resources */ = {isa = PBXBuildFile; fileRef = 213D923425E33D48005FB6DE /* Oval.mp4 */; };
		213D926225E33D49005FB6DE /* Purple.mp4 in Resources */ = {isa = PBXBuildFile; fileRef = 213D923625E33D48005FB6DE /* Purple.mp4 */; };
		213D926325E33D49005FB6DE /* Red.mp4 in Resources */ = {isa = PBXBuildFile; fileRef = 213D923725E33D48005FB6DE /* Red.mp4 */; };
		213D926425E33D49005FB6DE /* Green.mp4 in Resources */ = {isa = PBXBuildFile; fileRef = 213D923825E33D48005FB6DE /* Green.mp4 */; };
		213D926525E33D49005FB6DE /* OrangeColour.mp4 in Resources */ = {isa = PBXBuildFile; fileRef = 213D923925E33D48005FB6DE /* OrangeColour.mp4 */; };
		213D926625E33D49005FB6DE /* Blue.mp4 in Resources */ = {isa = PBXBuildFile; fileRef = 213D923A25E33D48005FB6DE /* Blue.mp4 */; };
		213D926725E33D49005FB6DE /* Pink.mp4 in Resources */ = {isa = PBXBuildFile; fileRef = 213D923B25E33D48005FB6DE /* Pink.mp4 */; };
		213D926825E33D49005FB6DE /* Yellow.mp4 in Resources */ = {isa = PBXBuildFile; fileRef = 213D923C25E33D48005FB6DE /* Yellow.mp4 */; };
		213D926925E33D49005FB6DE /* Goat.mp4 in Resources */ = {isa = PBXBuildFile; fileRef = 213D923E25E33D48005FB6DE /* Goat.mp4 */; };
		213D926A25E33D49005FB6DE /* Fish.mp4 in Resources */ = {isa = PBXBuildFile; fileRef = 213D923F25E33D48005FB6DE /* Fish.mp4 */; };
		213D926B25E33D49005FB6DE /* Cat.mp4 in Resources */ = {isa = PBXBuildFile; fileRef = 213D924025E33D48005FB6DE /* Cat.mp4 */; };
		213D926C25E33D49005FB6DE /* Frog.mp4 in Resources */ = {isa = PBXBuildFile; fileRef = 213D924125E33D48005FB6DE /* Frog.mp4 */; };
		213D926D25E33D49005FB6DE /* Bunny.mp4 in Resources */ = {isa = PBXBuildFile; fileRef = 213D924225E33D48005FB6DE /* Bunny.mp4 */; };
		213D926E25E33D49005FB6DE /* Dog.mp4 in Resources */ = {isa = PBXBuildFile; fileRef = 213D924325E33D48005FB6DE /* Dog.mp4 */; };
		213D926F25E33D49005FB6DE /* Lion.mp4 in Resources */ = {isa = PBXBuildFile; fileRef = 213D924425E33D48005FB6DE /* Lion.mp4 */; };
		213D927025E33D49005FB6DE /* Strawberry.mp4 in Resources */ = {isa = PBXBuildFile; fileRef = 213D924625E33D49005FB6DE /* Strawberry.mp4 */; };
		213D927125E33D49005FB6DE /* Banana.mp4 in Resources */ = {isa = PBXBuildFile; fileRef = 213D924725E33D49005FB6DE /* Banana.mp4 */; };
		213D927225E33D49005FB6DE /* Kiwi.mp4 in Resources */ = {isa = PBXBuildFile; fileRef = 213D924825E33D49005FB6DE /* Kiwi.mp4 */; };
		213D927325E33D49005FB6DE /* Orange.mp4 in Resources */ = {isa = PBXBuildFile; fileRef = 213D924925E33D49005FB6DE /* Orange.mp4 */; };
		213D927425E33D49005FB6DE /* Apple.mp4 in Resources */ = {isa = PBXBuildFile; fileRef = 213D924A25E33D49005FB6DE /* Apple.mp4 */; };
		213D927525E33D49005FB6DE /* Pear.mp4 in Resources */ = {isa = PBXBuildFile; fileRef = 213D924B25E33D49005FB6DE /* Pear.mp4 */; };
		213D927625E33D49005FB6DE /* Grape.mp4 in Resources */ = {isa = PBXBuildFile; fileRef = 213D924C25E33D49005FB6DE /* Grape.mp4 */; };
		213D927A25E340CB005FB6DE /* Instructions.gif in Resources */ = {isa = PBXBuildFile; fileRef = 213D927925E340CB005FB6DE /* Instructions.gif */; };
		213D927F25E51171005FB6DE /* StoreKit.framework in Frameworks */ = {isa = PBXBuildFile; fileRef = 213D927E25E51171005FB6DE /* StoreKit.framework */; };
		213D929125EC7818005FB6DE /* IAPManager.swift in Sources */ = {isa = PBXBuildFile; fileRef = 213D929025EC7818005FB6DE /* IAPManager.swift */; };
		2140BCCA2592C8F2004E4D7B /* instructionViewControler.swift in Sources */ = {isa = PBXBuildFile; fileRef = 2140BCC92592C8F2004E4D7B /* instructionViewControler.swift */; };
		2160A2DF25DA1F8200DAA5B5 /* homeGif.gif in Resources */ = {isa = PBXBuildFile; fileRef = 2160A2DE25DA1F8200DAA5B5 /* homeGif.gif */; };
		2160A2E125DA1FF500DAA5B5 /* ImageSizeExtension.swift in Sources */ = {isa = PBXBuildFile; fileRef = 2160A2E025DA1FF500DAA5B5 /* ImageSizeExtension.swift */; };
		2160A2EE25DA219300DAA5B5 /* A.wav in Resources */ = {isa = PBXBuildFile; fileRef = 2160A2E425DA219300DAA5B5 /* A.wav */; };
		2160A2EF25DA219300DAA5B5 /* C.wav in Resources */ = {isa = PBXBuildFile; fileRef = 2160A2E525DA219300DAA5B5 /* C.wav */; };
		2160A2F025DA219300DAA5B5 /* B.wav in Resources */ = {isa = PBXBuildFile; fileRef = 2160A2E625DA219300DAA5B5 /* B.wav */; };
		2160A2F125DA219300DAA5B5 /* F.wav in Resources */ = {isa = PBXBuildFile; fileRef = 2160A2E725DA219300DAA5B5 /* F.wav */; };
		2160A2F225DA219300DAA5B5 /* G.wav in Resources */ = {isa = PBXBuildFile; fileRef = 2160A2E825DA219300DAA5B5 /* G.wav */; };
		2160A2F325DA219300DAA5B5 /* E.wav in Resources */ = {isa = PBXBuildFile; fileRef = 2160A2E925DA219300DAA5B5 /* E.wav */; };
		2160A2F425DA219300DAA5B5 /* D.wav in Resources */ = {isa = PBXBuildFile; fileRef = 2160A2EA25DA219300DAA5B5 /* D.wav */; };
		2160A2F525DA219300DAA5B5 /* Background.wav in Resources */ = {isa = PBXBuildFile; fileRef = 2160A2EC25DA219300DAA5B5 /* Background.wav */; };
		2160A2F625DA219300DAA5B5 /* Xylolearn.wav in Resources */ = {isa = PBXBuildFile; fileRef = 2160A2ED25DA219300DAA5B5 /* Xylolearn.wav */; };
		2164BEA425B0533200FDDDD1 /* HomePageViewController.swift in Sources */ = {isa = PBXBuildFile; fileRef = 2164BEA325B0533200FDDDD1 /* HomePageViewController.swift */; };
		218C8912251769BB00160605 /* PopUpViewController.swift in Sources */ = {isa = PBXBuildFile; fileRef = 218C8911251769BB00160605 /* PopUpViewController.swift */; };
		219569D124F23C300055D2DE /* xyloViewController.swift in Sources */ = {isa = PBXBuildFile; fileRef = 219569D024F23C300055D2DE /* xyloViewController.swift */; };
		219569D324F677A60055D2DE /* xyloLaunchScreen.storyboard in Resources */ = {isa = PBXBuildFile; fileRef = 219569D224F677A60055D2DE /* xyloLaunchScreen.storyboard */; };
		21AC01C02563443000973AF5 /* ShapesViewController.swift in Sources */ = {isa = PBXBuildFile; fileRef = 21AC01BF2563443000973AF5 /* ShapesViewController.swift */; };
		21AC01C2256344F500973AF5 /* NumbersViewController.swift in Sources */ = {isa = PBXBuildFile; fileRef = 21AC01C1256344F500973AF5 /* NumbersViewController.swift */; };
		21DEEEBA2480605F00CDE4E0 /* AppDelegate.swift in Sources */ = {isa = PBXBuildFile; fileRef = 21DEEEB92480605F00CDE4E0 /* AppDelegate.swift */; };
		21DEEEBC2480605F00CDE4E0 /* SceneDelegate.swift in Sources */ = {isa = PBXBuildFile; fileRef = 21DEEEBB2480605F00CDE4E0 /* SceneDelegate.swift */; };
		21DEEEBE2480605F00CDE4E0 /* ColorsViewController.swift in Sources */ = {isa = PBXBuildFile; fileRef = 21DEEEBD2480605F00CDE4E0 /* ColorsViewController.swift */; };
		21DEEEC12480605F00CDE4E0 /* Main.storyboard in Resources */ = {isa = PBXBuildFile; fileRef = 21DEEEBF2480605F00CDE4E0 /* Main.storyboard */; };
		21DEEEC32480606200CDE4E0 /* Assets.xcassets in Resources */ = {isa = PBXBuildFile; fileRef = 21DEEEC22480606200CDE4E0 /* Assets.xcassets */; };
		21DEEECE2480624500CDE4E0 /* VegetablesViewController.swift in Sources */ = {isa = PBXBuildFile; fileRef = 21DEEECD2480624500CDE4E0 /* VegetablesViewController.swift */; };
		21DEEED02480632C00CDE4E0 /* FruitsViewController.swift in Sources */ = {isa = PBXBuildFile; fileRef = 21DEEECF2480632C00CDE4E0 /* FruitsViewController.swift */; };
		21DEEED22480639B00CDE4E0 /* AnimalsViewController.swift in Sources */ = {isa = PBXBuildFile; fileRef = 21DEEED12480639B00CDE4E0 /* AnimalsViewController.swift */; };
/* End PBXBuildFile section */

/* Begin PBXFileReference section */
		212DB945248069E5000BF378 /* Swift+SpecialEffects.swift */ = {isa = PBXFileReference; lastKnownFileType = sourcecode.swift; path = "Swift+SpecialEffects.swift"; sourceTree = "<group>"; };
		212DB94724806A14000BF378 /* Swift+Gif.swift */ = {isa = PBXFileReference; lastKnownFileType = sourcecode.swift; path = "Swift+Gif.swift"; sourceTree = "<group>"; };
		212E413324D2B77400FBE319 /* StartupPageViewController.swift */ = {isa = PBXFileReference; lastKnownFileType = sourcecode.swift; path = StartupPageViewController.swift; sourceTree = "<group>"; };
		21336917257F3CB800CE7163 /* Sound.swift */ = {isa = PBXFileReference; lastKnownFileType = sourcecode.swift; path = Sound.swift; sourceTree = "<group>"; };
		213D921E25E33D48005FB6DE /* Eggplant.mp4 */ = {isa = PBXFileReference; lastKnownFileType = file; path = Eggplant.mp4; sourceTree = "<group>"; };
		213D921F25E33D48005FB6DE /* Broccoli.mp4 */ = {isa = PBXFileReference; lastKnownFileType = file; path = Broccoli.mp4; sourceTree = "<group>"; };
		213D922025E33D48005FB6DE /* Pumpkin.mp4 */ = {isa = PBXFileReference; lastKnownFileType = file; path = Pumpkin.mp4; sourceTree = "<group>"; };
		213D922125E33D48005FB6DE /* Carrot.mp4 */ = {isa = PBXFileReference; lastKnownFileType = file; path = Carrot.mp4; sourceTree = "<group>"; };
		213D922225E33D48005FB6DE /* Mushroom.mp4 */ = {isa = PBXFileReference; lastKnownFileType = file; path = Mushroom.mp4; sourceTree = "<group>"; };
		213D922325E33D48005FB6DE /* Potato.mp4 */ = {isa = PBXFileReference; lastKnownFileType = file; path = Potato.mp4; sourceTree = "<group>"; };
		213D922425E33D48005FB6DE /* Capsicum.mp4 */ = {isa = PBXFileReference; lastKnownFileType = file; path = Capsicum.mp4; sourceTree = "<group>"; };
		213D922625E33D48005FB6DE /* 7.mp4 */ = {isa = PBXFileReference; lastKnownFileType = file; path = 7.mp4; sourceTree = "<group>"; };
		213D922725E33D48005FB6DE /* 6.mp4 */ = {isa = PBXFileReference; lastKnownFileType = file; path = 6.mp4; sourceTree = "<group>"; };
		213D922825E33D48005FB6DE /* 4.mp4 */ = {isa = PBXFileReference; lastKnownFileType = file; path = 4.mp4; sourceTree = "<group>"; };
		213D922925E33D48005FB6DE /* 5.mp4 */ = {isa = PBXFileReference; lastKnownFileType = file; path = 5.mp4; sourceTree = "<group>"; };
		213D922A25E33D48005FB6DE /* 1.mp4 */ = {isa = PBXFileReference; lastKnownFileType = file; path = 1.mp4; sourceTree = "<group>"; };
		213D922B25E33D48005FB6DE /* 2.mp4 */ = {isa = PBXFileReference; lastKnownFileType = file; path = 2.mp4; sourceTree = "<group>"; };
		213D922C25E33D48005FB6DE /* 3.mp4 */ = {isa = PBXFileReference; lastKnownFileType = file; path = 3.mp4; sourceTree = "<group>"; };
		213D922E25E33D48005FB6DE /* Star.mp4 */ = {isa = PBXFileReference; lastKnownFileType = file; path = Star.mp4; sourceTree = "<group>"; };
		213D922F25E33D48005FB6DE /* Square.mp4 */ = {isa = PBXFileReference; lastKnownFileType = file; path = Square.mp4; sourceTree = "<group>"; };
		213D923025E33D48005FB6DE /* Heart.mp4 */ = {isa = PBXFileReference; lastKnownFileType = file; path = Heart.mp4; sourceTree = "<group>"; };
		213D923125E33D48005FB6DE /* Triangle.mp4 */ = {isa = PBXFileReference; lastKnownFileType = file; path = Triangle.mp4; sourceTree = "<group>"; };
		213D923225E33D48005FB6DE /* Rectangle.mp4 */ = {isa = PBXFileReference; lastKnownFileType = file; path = Rectangle.mp4; sourceTree = "<group>"; };
		213D923325E33D48005FB6DE /* Circle.mp4 */ = {isa = PBXFileReference; lastKnownFileType = file; path = Circle.mp4; sourceTree = "<group>"; };
		213D923425E33D48005FB6DE /* Oval.mp4 */ = {isa = PBXFileReference; lastKnownFileType = file; path = Oval.mp4; sourceTree = "<group>"; };
		213D923625E33D48005FB6DE /* Purple.mp4 */ = {isa = PBXFileReference; lastKnownFileType = file; path = Purple.mp4; sourceTree = "<group>"; };
		213D923725E33D48005FB6DE /* Red.mp4 */ = {isa = PBXFileReference; lastKnownFileType = file; path = Red.mp4; sourceTree = "<group>"; };
		213D923825E33D48005FB6DE /* Green.mp4 */ = {isa = PBXFileReference; lastKnownFileType = file; path = Green.mp4; sourceTree = "<group>"; };
		213D923925E33D48005FB6DE /* OrangeColour.mp4 */ = {isa = PBXFileReference; lastKnownFileType = file; path = OrangeColour.mp4; sourceTree = "<group>"; };
		213D923A25E33D48005FB6DE /* Blue.mp4 */ = {isa = PBXFileReference; lastKnownFileType = file; path = Blue.mp4; sourceTree = "<group>"; };
		213D923B25E33D48005FB6DE /* Pink.mp4 */ = {isa = PBXFileReference; lastKnownFileType = file; path = Pink.mp4; sourceTree = "<group>"; };
		213D923C25E33D48005FB6DE /* Yellow.mp4 */ = {isa = PBXFileReference; lastKnownFileType = file; path = Yellow.mp4; sourceTree = "<group>"; };
		213D923E25E33D48005FB6DE /* Goat.mp4 */ = {isa = PBXFileReference; lastKnownFileType = file; path = Goat.mp4; sourceTree = "<group>"; };
		213D923F25E33D48005FB6DE /* Fish.mp4 */ = {isa = PBXFileReference; lastKnownFileType = file; path = Fish.mp4; sourceTree = "<group>"; };
		213D924025E33D48005FB6DE /* Cat.mp4 */ = {isa = PBXFileReference; lastKnownFileType = file; path = Cat.mp4; sourceTree = "<group>"; };
		213D924125E33D48005FB6DE /* Frog.mp4 */ = {isa = PBXFileReference; lastKnownFileType = file; path = Frog.mp4; sourceTree = "<group>"; };
		213D924225E33D48005FB6DE /* Bunny.mp4 */ = {isa = PBXFileReference; lastKnownFileType = file; path = Bunny.mp4; sourceTree = "<group>"; };
		213D924325E33D48005FB6DE /* Dog.mp4 */ = {isa = PBXFileReference; lastKnownFileType = file; path = Dog.mp4; sourceTree = "<group>"; };
		213D924425E33D48005FB6DE /* Lion.mp4 */ = {isa = PBXFileReference; lastKnownFileType = file; path = Lion.mp4; sourceTree = "<group>"; };
		213D924625E33D49005FB6DE /* Strawberry.mp4 */ = {isa = PBXFileReference; lastKnownFileType = file; path = Strawberry.mp4; sourceTree = "<group>"; };
		213D924725E33D49005FB6DE /* Banana.mp4 */ = {isa = PBXFileReference; lastKnownFileType = file; path = Banana.mp4; sourceTree = "<group>"; };
		213D924825E33D49005FB6DE /* Kiwi.mp4 */ = {isa = PBXFileReference; lastKnownFileType = file; path = Kiwi.mp4; sourceTree = "<group>"; };
		213D924925E33D49005FB6DE /* Orange.mp4 */ = {isa = PBXFileReference; lastKnownFileType = file; path = Orange.mp4; sourceTree = "<group>"; };
		213D924A25E33D49005FB6DE /* Apple.mp4 */ = {isa = PBXFileReference; lastKnownFileType = file; path = Apple.mp4; sourceTree = "<group>"; };
		213D924B25E33D49005FB6DE /* Pear.mp4 */ = {isa = PBXFileReference; lastKnownFileType = file; path = Pear.mp4; sourceTree = "<group>"; };
		213D924C25E33D49005FB6DE /* Grape.mp4 */ = {isa = PBXFileReference; lastKnownFileType = file; path = Grape.mp4; sourceTree = "<group>"; };
		213D927925E340CB005FB6DE /* Instructions.gif */ = {isa = PBXFileReference; lastKnownFileType = image.gif; name = Instructions.gif; path = Gif/Instructions.gif; sourceTree = SOURCE_ROOT; };
		213D927E25E51171005FB6DE /* StoreKit.framework */ = {isa = PBXFileReference; lastKnownFileType = wrapper.framework; name = StoreKit.framework; path = System/Library/Frameworks/StoreKit.framework; sourceTree = SDKROOT; };
		213D928325E628D8005FB6DE /* Configuration.storekit */ = {isa = PBXFileReference; lastKnownFileType = text; path = Configuration.storekit; sourceTree = "<group>"; };
		213D929025EC7818005FB6DE /* IAPManager.swift */ = {isa = PBXFileReference; lastKnownFileType = sourcecode.swift; name = IAPManager.swift; path = XyloLearn/IAPManager.swift; sourceTree = SOURCE_ROOT; };
		2140BCC92592C8F2004E4D7B /* instructionViewControler.swift */ = {isa = PBXFileReference; lastKnownFileType = sourcecode.swift; name = instructionViewControler.swift; path = XyloLearn/View/instructionViewControler.swift; sourceTree = SOURCE_ROOT; };
		2160A2DE25DA1F8200DAA5B5 /* homeGif.gif */ = {isa = PBXFileReference; lastKnownFileType = image.gif; path = homeGif.gif; sourceTree = "<group>"; };
		2160A2E025DA1FF500DAA5B5 /* ImageSizeExtension.swift */ = {isa = PBXFileReference; fileEncoding = 4; lastKnownFileType = sourcecode.swift; path = ImageSizeExtension.swift; sourceTree = "<group>"; };
		2160A2E425DA219300DAA5B5 /* A.wav */ = {isa = PBXFileReference; lastKnownFileType = audio.wav; path = A.wav; sourceTree = "<group>"; };
		2160A2E525DA219300DAA5B5 /* C.wav */ = {isa = PBXFileReference; lastKnownFileType = audio.wav; path = C.wav; sourceTree = "<group>"; };
		2160A2E625DA219300DAA5B5 /* B.wav */ = {isa = PBXFileReference; lastKnownFileType = audio.wav; path = B.wav; sourceTree = "<group>"; };
		2160A2E725DA219300DAA5B5 /* F.wav */ = {isa = PBXFileReference; lastKnownFileType = audio.wav; path = F.wav; sourceTree = "<group>"; };
		2160A2E825DA219300DAA5B5 /* G.wav */ = {isa = PBXFileReference; lastKnownFileType = audio.wav; path = G.wav; sourceTree = "<group>"; };
		2160A2E925DA219300DAA5B5 /* E.wav */ = {isa = PBXFileReference; lastKnownFileType = audio.wav; path = E.wav; sourceTree = "<group>"; };
		2160A2EA25DA219300DAA5B5 /* D.wav */ = {isa = PBXFileReference; lastKnownFileType = audio.wav; path = D.wav; sourceTree = "<group>"; };
		2160A2EC25DA219300DAA5B5 /* Background.wav */ = {isa = PBXFileReference; lastKnownFileType = audio.wav; path = Background.wav; sourceTree = "<group>"; };
		2160A2ED25DA219300DAA5B5 /* Xylolearn.wav */ = {isa = PBXFileReference; lastKnownFileType = audio.wav; path = Xylolearn.wav; sourceTree = "<group>"; };
		2164BEA325B0533200FDDDD1 /* HomePageViewController.swift */ = {isa = PBXFileReference; lastKnownFileType = sourcecode.swift; path = HomePageViewController.swift; sourceTree = "<group>"; };
		218C8911251769BB00160605 /* PopUpViewController.swift */ = {isa = PBXFileReference; lastKnownFileType = sourcecode.swift; name = PopUpViewController.swift; path = XyloLearn/View/PopUpViewController.swift; sourceTree = SOURCE_ROOT; };
		219569D024F23C300055D2DE /* xyloViewController.swift */ = {isa = PBXFileReference; lastKnownFileType = sourcecode.swift; name = xyloViewController.swift; path = XyloLearn/View/xyloViewController.swift; sourceTree = SOURCE_ROOT; };
		219569D224F677A60055D2DE /* xyloLaunchScreen.storyboard */ = {isa = PBXFileReference; lastKnownFileType = file.storyboard; path = xyloLaunchScreen.storyboard; sourceTree = "<group>"; };
		21AC01BF2563443000973AF5 /* ShapesViewController.swift */ = {isa = PBXFileReference; lastKnownFileType = sourcecode.swift; name = ShapesViewController.swift; path = XyloLearn/View/ShapesViewController.swift; sourceTree = SOURCE_ROOT; };
		21AC01C1256344F500973AF5 /* NumbersViewController.swift */ = {isa = PBXFileReference; lastKnownFileType = sourcecode.swift; name = NumbersViewController.swift; path = XyloLearn/View/NumbersViewController.swift; sourceTree = SOURCE_ROOT; };
		21DEEEB62480605F00CDE4E0 /* XyloLearn.app */ = {isa = PBXFileReference; explicitFileType = wrapper.application; includeInIndex = 0; path = XyloLearn.app; sourceTree = BUILT_PRODUCTS_DIR; };
		21DEEEB92480605F00CDE4E0 /* AppDelegate.swift */ = {isa = PBXFileReference; lastKnownFileType = sourcecode.swift; path = AppDelegate.swift; sourceTree = "<group>"; };
		21DEEEBB2480605F00CDE4E0 /* SceneDelegate.swift */ = {isa = PBXFileReference; lastKnownFileType = sourcecode.swift; path = SceneDelegate.swift; sourceTree = "<group>"; };
		21DEEEBD2480605F00CDE4E0 /* ColorsViewController.swift */ = {isa = PBXFileReference; lastKnownFileType = sourcecode.swift; path = ColorsViewController.swift; sourceTree = "<group>"; };
		21DEEEC02480605F00CDE4E0 /* Base */ = {isa = PBXFileReference; lastKnownFileType = file.storyboard; name = Base; path = Base.lproj/Main.storyboard; sourceTree = "<group>"; };
		21DEEEC22480606200CDE4E0 /* Assets.xcassets */ = {isa = PBXFileReference; lastKnownFileType = folder.assetcatalog; path = Assets.xcassets; sourceTree = "<group>"; };
		21DEEEC72480606200CDE4E0 /* Info.plist */ = {isa = PBXFileReference; lastKnownFileType = text.plist.xml; path = Info.plist; sourceTree = "<group>"; };
		21DEEECD2480624500CDE4E0 /* VegetablesViewController.swift */ = {isa = PBXFileReference; lastKnownFileType = sourcecode.swift; path = VegetablesViewController.swift; sourceTree = "<group>"; };
		21DEEECF2480632C00CDE4E0 /* FruitsViewController.swift */ = {isa = PBXFileReference; lastKnownFileType = sourcecode.swift; path = FruitsViewController.swift; sourceTree = "<group>"; };
		21DEEED12480639B00CDE4E0 /* AnimalsViewController.swift */ = {isa = PBXFileReference; lastKnownFileType = sourcecode.swift; path = AnimalsViewController.swift; sourceTree = "<group>"; };
/* End PBXFileReference section */

/* Begin PBXFrameworksBuildPhase section */
		21DEEEB32480605F00CDE4E0 /* Frameworks */ = {
			isa = PBXFrameworksBuildPhase;
			buildActionMask = 2147483647;
			files = (
				213D927F25E51171005FB6DE /* StoreKit.framework in Frameworks */,
			);
			runOnlyForDeploymentPostprocessing = 0;
		};
/* End PBXFrameworksBuildPhase section */

/* Begin PBXGroup section */
		212DB941248068BD000BF378 /* View */ = {
			isa = PBXGroup;
			children = (
				21DEEEBF2480605F00CDE4E0 /* Main.storyboard */,
				219569D224F677A60055D2DE /* xyloLaunchScreen.storyboard */,
			);
			path = View;
			sourceTree = "<group>";
		};
		212DB94424806959000BF378 /* Extensions */ = {
			isa = PBXGroup;
			children = (
				213D929025EC7818005FB6DE /* IAPManager.swift */,
				21336917257F3CB800CE7163 /* Sound.swift */,
				2160A2E025DA1FF500DAA5B5 /* ImageSizeExtension.swift */,
				212DB945248069E5000BF378 /* Swift+SpecialEffects.swift */,
				212DB94724806A14000BF378 /* Swift+Gif.swift */,
			);
			path = Extensions;
			sourceTree = "<group>";
		};
		213D921C25E33D48005FB6DE /* MP4 */ = {
			isa = PBXGroup;
			children = (
				213D921D25E33D48005FB6DE /* Veggies */,
				213D922525E33D48005FB6DE /* Numbers */,
				213D922D25E33D48005FB6DE /* Shapes */,
				213D923525E33D48005FB6DE /* Colours */,
				213D923D25E33D48005FB6DE /* Animals */,
				213D924525E33D48005FB6DE /* Fruits */,
			);
			path = MP4;
			sourceTree = "<group>";
		};
		213D921D25E33D48005FB6DE /* Veggies */ = {
			isa = PBXGroup;
			children = (
				213D921E25E33D48005FB6DE /* Eggplant.mp4 */,
				213D921F25E33D48005FB6DE /* Broccoli.mp4 */,
				213D922025E33D48005FB6DE /* Pumpkin.mp4 */,
				213D922125E33D48005FB6DE /* Carrot.mp4 */,
				213D922225E33D48005FB6DE /* Mushroom.mp4 */,
				213D922325E33D48005FB6DE /* Potato.mp4 */,
				213D922425E33D48005FB6DE /* Capsicum.mp4 */,
			);
			path = Veggies;
			sourceTree = "<group>";
		};
		213D922525E33D48005FB6DE /* Numbers */ = {
			isa = PBXGroup;
			children = (
				213D922625E33D48005FB6DE /* 7.mp4 */,
				213D922725E33D48005FB6DE /* 6.mp4 */,
				213D922825E33D48005FB6DE /* 4.mp4 */,
				213D922925E33D48005FB6DE /* 5.mp4 */,
				213D922A25E33D48005FB6DE /* 1.mp4 */,
				213D922B25E33D48005FB6DE /* 2.mp4 */,
				213D922C25E33D48005FB6DE /* 3.mp4 */,
			);
			path = Numbers;
			sourceTree = "<group>";
		};
		213D922D25E33D48005FB6DE /* Shapes */ = {
			isa = PBXGroup;
			children = (
				213D922E25E33D48005FB6DE /* Star.mp4 */,
				213D922F25E33D48005FB6DE /* Square.mp4 */,
				213D923025E33D48005FB6DE /* Heart.mp4 */,
				213D923125E33D48005FB6DE /* Triangle.mp4 */,
				213D923225E33D48005FB6DE /* Rectangle.mp4 */,
				213D923325E33D48005FB6DE /* Circle.mp4 */,
				213D923425E33D48005FB6DE /* Oval.mp4 */,
			);
			path = Shapes;
			sourceTree = "<group>";
		};
		213D923525E33D48005FB6DE /* Colours */ = {
			isa = PBXGroup;
			children = (
				213D923625E33D48005FB6DE /* Purple.mp4 */,
				213D923725E33D48005FB6DE /* Red.mp4 */,
				213D923825E33D48005FB6DE /* Green.mp4 */,
				213D923925E33D48005FB6DE /* OrangeColour.mp4 */,
				213D923A25E33D48005FB6DE /* Blue.mp4 */,
				213D923B25E33D48005FB6DE /* Pink.mp4 */,
				213D923C25E33D48005FB6DE /* Yellow.mp4 */,
			);
			path = Colours;
			sourceTree = "<group>";
		};
		213D923D25E33D48005FB6DE /* Animals */ = {
			isa = PBXGroup;
			children = (
				213D923E25E33D48005FB6DE /* Goat.mp4 */,
				213D923F25E33D48005FB6DE /* Fish.mp4 */,
				213D924025E33D48005FB6DE /* Cat.mp4 */,
				213D924125E33D48005FB6DE /* Frog.mp4 */,
				213D924225E33D48005FB6DE /* Bunny.mp4 */,
				213D924325E33D48005FB6DE /* Dog.mp4 */,
				213D924425E33D48005FB6DE /* Lion.mp4 */,
			);
			path = Animals;
			sourceTree = "<group>";
		};
		213D924525E33D48005FB6DE /* Fruits */ = {
			isa = PBXGroup;
			children = (
				213D924625E33D49005FB6DE /* Strawberry.mp4 */,
				213D924725E33D49005FB6DE /* Banana.mp4 */,
				213D924825E33D49005FB6DE /* Kiwi.mp4 */,
				213D924925E33D49005FB6DE /* Orange.mp4 */,
				213D924A25E33D49005FB6DE /* Apple.mp4 */,
				213D924B25E33D49005FB6DE /* Pear.mp4 */,
				213D924C25E33D49005FB6DE /* Grape.mp4 */,
			);
			path = Fruits;
			sourceTree = "<group>";
		};
		213D927B25E51117005FB6DE /* Frameworks */ = {
			isa = PBXGroup;
			children = (
				213D927E25E51171005FB6DE /* StoreKit.framework */,
			);
			name = Frameworks;
			sourceTree = "<group>";
		};
		2160A2DD25DA1F8200DAA5B5 /* Gif */ = {
			isa = PBXGroup;
			children = (
				2160A2DE25DA1F8200DAA5B5 /* homeGif.gif */,
				213D927925E340CB005FB6DE /* Instructions.gif */,
			);
			path = Gif;
			sourceTree = SOURCE_ROOT;
		};
		2160A2E225DA219300DAA5B5 /* Sound */ = {
			isa = PBXGroup;
			children = (
				2160A2E325DA219300DAA5B5 /* Xylo */,
				2160A2EB25DA219300DAA5B5 /* Extras */,
			);
			path = Sound;
			sourceTree = SOURCE_ROOT;
		};
		2160A2E325DA219300DAA5B5 /* Xylo */ = {
			isa = PBXGroup;
			children = (
				2160A2E425DA219300DAA5B5 /* A.wav */,
				2160A2E525DA219300DAA5B5 /* C.wav */,
				2160A2E625DA219300DAA5B5 /* B.wav */,
				2160A2E725DA219300DAA5B5 /* F.wav */,
				2160A2E825DA219300DAA5B5 /* G.wav */,
				2160A2E925DA219300DAA5B5 /* E.wav */,
				2160A2EA25DA219300DAA5B5 /* D.wav */,
			);
			path = Xylo;
			sourceTree = "<group>";
		};
		2160A2EB25DA219300DAA5B5 /* Extras */ = {
			isa = PBXGroup;
			children = (
				2160A2EC25DA219300DAA5B5 /* Background.wav */,
				2160A2ED25DA219300DAA5B5 /* Xylolearn.wav */,
			);
			path = Extras;
			sourceTree = "<group>";
		};
		21DEEEAD2480605F00CDE4E0 = {
			isa = PBXGroup;
			children = (
				213D928325E628D8005FB6DE /* Configuration.storekit */,
				21DEEEB82480605F00CDE4E0 /* XyloLearn */,
				21DEEEB72480605F00CDE4E0 /* Products */,
				213D927B25E51117005FB6DE /* Frameworks */,
			);
			sourceTree = "<group>";
		};
		21DEEEB72480605F00CDE4E0 /* Products */ = {
			isa = PBXGroup;
			children = (
				21DEEEB62480605F00CDE4E0 /* XyloLearn.app */,
			);
			name = Products;
			sourceTree = "<group>";
		};
		21DEEEB82480605F00CDE4E0 /* XyloLearn */ = {
			isa = PBXGroup;
			children = (
				21DEEEB92480605F00CDE4E0 /* AppDelegate.swift */,
				21DEEEBB2480605F00CDE4E0 /* SceneDelegate.swift */,
				212DB941248068BD000BF378 /* View */,
				21DEEED32480640100CDE4E0 /* Controllers */,
				212DB94424806959000BF378 /* Extensions */,
				2160A2DD25DA1F8200DAA5B5 /* Gif */,
				2160A2E225DA219300DAA5B5 /* Sound */,
				213D921C25E33D48005FB6DE /* MP4 */,
				21DEEEC22480606200CDE4E0 /* Assets.xcassets */,
				21DEEEC72480606200CDE4E0 /* Info.plist */,
			);
			path = XyloLearn;
			sourceTree = "<group>";
		};
		21DEEED32480640100CDE4E0 /* Controllers */ = {
			isa = PBXGroup;
			children = (
				212E413324D2B77400FBE319 /* StartupPageViewController.swift */,
				218C8911251769BB00160605 /* PopUpViewController.swift */,
				2164BEA325B0533200FDDDD1 /* HomePageViewController.swift */,
				2140BCC92592C8F2004E4D7B /* instructionViewControler.swift */,
				219569D024F23C300055D2DE /* xyloViewController.swift */,
				21DEEEBD2480605F00CDE4E0 /* ColorsViewController.swift */,
				21DEEECF2480632C00CDE4E0 /* FruitsViewController.swift */,
				21DEEECD2480624500CDE4E0 /* VegetablesViewController.swift */,
				21DEEED12480639B00CDE4E0 /* AnimalsViewController.swift */,
				21AC01C1256344F500973AF5 /* NumbersViewController.swift */,
				21AC01BF2563443000973AF5 /* ShapesViewController.swift */,
			);
			path = Controllers;
			sourceTree = "<group>";
		};
/* End PBXGroup section */

/* Begin PBXNativeTarget section */
		21DEEEB52480605F00CDE4E0 /* XyloLearn */ = {
			isa = PBXNativeTarget;
			buildConfigurationList = 21DEEECA2480606200CDE4E0 /* Build configuration list for PBXNativeTarget "XyloLearn" */;
			buildPhases = (
				21DEEEB22480605F00CDE4E0 /* Sources */,
				21DEEEB32480605F00CDE4E0 /* Frameworks */,
				21DEEEB42480605F00CDE4E0 /* Resources */,
			);
			buildRules = (
			);
			dependencies = (
			);
			name = XyloLearn;
			productName = XyloLearn;
			productReference = 21DEEEB62480605F00CDE4E0 /* XyloLearn.app */;
			productType = "com.apple.product-type.application";
		};
/* End PBXNativeTarget section */

/* Begin PBXProject section */
		21DEEEAE2480605F00CDE4E0 /* Project object */ = {
			isa = PBXProject;
			attributes = {
				LastSwiftUpdateCheck = 1140;
				LastUpgradeCheck = 1140;
				ORGANIZATIONNAME = "Deepanshu Nautiyal";
				TargetAttributes = {
					21DEEEB52480605F00CDE4E0 = {
						CreatedOnToolsVersion = 11.4.1;
					};
				};
			};
			buildConfigurationList = 21DEEEB12480605F00CDE4E0 /* Build configuration list for PBXProject "XyloLearn" */;
			compatibilityVersion = "Xcode 9.3";
			developmentRegion = en;
			hasScannedForEncodings = 0;
			knownRegions = (
				en,
				Base,
			);
			mainGroup = 21DEEEAD2480605F00CDE4E0;
			productRefGroup = 21DEEEB72480605F00CDE4E0 /* Products */;
			projectDirPath = "";
			projectRoot = "";
			targets = (
				21DEEEB52480605F00CDE4E0 /* XyloLearn */,
			);
		};
/* End PBXProject section */

/* Begin PBXResourcesBuildPhase section */
		21DEEEB42480605F00CDE4E0 /* Resources */ = {
			isa = PBXResourcesBuildPhase;
			buildActionMask = 2147483647;
			files = (
				213D925525E33D49005FB6DE /* 6.mp4 in Resources */,
				213D927A25E340CB005FB6DE /* Instructions.gif in Resources */,
				213D927325E33D49005FB6DE /* Orange.mp4 in Resources */,
				213D926225E33D49005FB6DE /* Purple.mp4 in Resources */,
				213D927025E33D49005FB6DE /* Strawberry.mp4 in Resources */,
				213D925F25E33D49005FB6DE /* Rectangle.mp4 in Resources */,
				213D927525E33D49005FB6DE /* Pear.mp4 in Resources */,
				213D925325E33D49005FB6DE /* Capsicum.mp4 in Resources */,
				2160A2F225DA219300DAA5B5 /* G.wav in Resources */,
				213D926625E33D49005FB6DE /* Blue.mp4 in Resources */,
				219569D324F677A60055D2DE /* xyloLaunchScreen.storyboard in Resources */,
				213D927625E33D49005FB6DE /* Grape.mp4 in Resources */,
				2160A2F325DA219300DAA5B5 /* E.wav in Resources */,
				213D925C25E33D49005FB6DE /* Square.mp4 in Resources */,
				213D926725E33D49005FB6DE /* Pink.mp4 in Resources */,
				213D925625E33D49005FB6DE /* 4.mp4 in Resources */,
				213D927425E33D49005FB6DE /* Apple.mp4 in Resources */,
				213D926325E33D49005FB6DE /* Red.mp4 in Resources */,
				213D926D25E33D49005FB6DE /* Bunny.mp4 in Resources */,
				2160A2F425DA219300DAA5B5 /* D.wav in Resources */,
				213D925825E33D49005FB6DE /* 1.mp4 in Resources */,
				213D926C25E33D49005FB6DE /* Frog.mp4 in Resources */,
				213D925225E33D49005FB6DE /* Potato.mp4 in Resources */,
				213D925B25E33D49005FB6DE /* Star.mp4 in Resources */,
				213D926425E33D49005FB6DE /* Green.mp4 in Resources */,
				2160A2DF25DA1F8200DAA5B5 /* homeGif.gif in Resources */,
				213D925925E33D49005FB6DE /* 2.mp4 in Resources */,
				213D925725E33D49005FB6DE /* 5.mp4 in Resources */,
				213D926925E33D49005FB6DE /* Goat.mp4 in Resources */,
				213D926A25E33D49005FB6DE /* Fish.mp4 in Resources */,
				213D926025E33D49005FB6DE /* Circle.mp4 in Resources */,
				213D926825E33D49005FB6DE /* Yellow.mp4 in Resources */,
				2160A2F025DA219300DAA5B5 /* B.wav in Resources */,
				2160A2F525DA219300DAA5B5 /* Background.wav in Resources */,
				21DEEEC32480606200CDE4E0 /* Assets.xcassets in Resources */,
				2160A2F125DA219300DAA5B5 /* F.wav in Resources */,
				213D925D25E33D49005FB6DE /* Heart.mp4 in Resources */,
				213D927125E33D49005FB6DE /* Banana.mp4 in Resources */,
				213D924D25E33D49005FB6DE /* Eggplant.mp4 in Resources */,
				2160A2F625DA219300DAA5B5 /* Xylolearn.wav in Resources */,
				213D927225E33D49005FB6DE /* Kiwi.mp4 in Resources */,
				213D925A25E33D49005FB6DE /* 3.mp4 in Resources */,
				2160A2EF25DA219300DAA5B5 /* C.wav in Resources */,
				213D926E25E33D49005FB6DE /* Dog.mp4 in Resources */,
				2160A2EE25DA219300DAA5B5 /* A.wav in Resources */,
				213D924E25E33D49005FB6DE /* Broccoli.mp4 in Resources */,
				213D924F25E33D49005FB6DE /* Pumpkin.mp4 in Resources */,
				213D925025E33D49005FB6DE /* Carrot.mp4 in Resources */,
				213D925E25E33D49005FB6DE /* Triangle.mp4 in Resources */,
				213D926F25E33D49005FB6DE /* Lion.mp4 in Resources */,
				213D925425E33D49005FB6DE /* 7.mp4 in Resources */,
				21DEEEC12480605F00CDE4E0 /* Main.storyboard in Resources */,
				213D926525E33D49005FB6DE /* OrangeColour.mp4 in Resources */,
				213D925125E33D49005FB6DE /* Mushroom.mp4 in Resources */,
				213D926B25E33D49005FB6DE /* Cat.mp4 in Resources */,
				213D926125E33D49005FB6DE /* Oval.mp4 in Resources */,
			);
			runOnlyForDeploymentPostprocessing = 0;
		};
/* End PBXResourcesBuildPhase section */

/* Begin PBXSourcesBuildPhase section */
		21DEEEB22480605F00CDE4E0 /* Sources */ = {
			isa = PBXSourcesBuildPhase;
			buildActionMask = 2147483647;
			files = (
				21AC01C2256344F500973AF5 /* NumbersViewController.swift in Sources */,
				2140BCCA2592C8F2004E4D7B /* instructionViewControler.swift in Sources */,
				219569D124F23C300055D2DE /* xyloViewController.swift in Sources */,
				212DB94824806A14000BF378 /* Swift+Gif.swift in Sources */,
				21336918257F3CB800CE7163 /* Sound.swift in Sources */,
				21DEEEBE2480605F00CDE4E0 /* ColorsViewController.swift in Sources */,
				212E413424D2B77400FBE319 /* StartupPageViewController.swift in Sources */,
				213D929125EC7818005FB6DE /* IAPManager.swift in Sources */,
				2160A2E125DA1FF500DAA5B5 /* ImageSizeExtension.swift in Sources */,
				2164BEA425B0533200FDDDD1 /* HomePageViewController.swift in Sources */,
				212DB946248069E5000BF378 /* Swift+SpecialEffects.swift in Sources */,
				218C8912251769BB00160605 /* PopUpViewController.swift in Sources */,
				21DEEED02480632C00CDE4E0 /* FruitsViewController.swift in Sources */,
				21AC01C02563443000973AF5 /* ShapesViewController.swift in Sources */,
				21DEEED22480639B00CDE4E0 /* AnimalsViewController.swift in Sources */,
				21DEEEBA2480605F00CDE4E0 /* AppDelegate.swift in Sources */,
				21DEEECE2480624500CDE4E0 /* VegetablesViewController.swift in Sources */,
				21DEEEBC2480605F00CDE4E0 /* SceneDelegate.swift in Sources */,
			);
			runOnlyForDeploymentPostprocessing = 0;
		};
/* End PBXSourcesBuildPhase section */

/* Begin PBXVariantGroup section */
		21DEEEBF2480605F00CDE4E0 /* Main.storyboard */ = {
			isa = PBXVariantGroup;
			children = (
				21DEEEC02480605F00CDE4E0 /* Base */,
			);
			name = Main.storyboard;
			sourceTree = "<group>";
		};
/* End PBXVariantGroup section */

/* Begin XCBuildConfiguration section */
		21DEEEC82480606200CDE4E0 /* Debug */ = {
			isa = XCBuildConfiguration;
			buildSettings = {
				ALWAYS_SEARCH_USER_PATHS = NO;
				CLANG_ANALYZER_NONNULL = YES;
				CLANG_ANALYZER_NUMBER_OBJECT_CONVERSION = YES_AGGRESSIVE;
				CLANG_CXX_LANGUAGE_STANDARD = "gnu++14";
				CLANG_CXX_LIBRARY = "libc++";
				CLANG_ENABLE_MODULES = YES;
				CLANG_ENABLE_OBJC_ARC = YES;
				CLANG_ENABLE_OBJC_WEAK = YES;
				CLANG_WARN_BLOCK_CAPTURE_AUTORELEASING = YES;
				CLANG_WARN_BOOL_CONVERSION = YES;
				CLANG_WARN_COMMA = YES;
				CLANG_WARN_CONSTANT_CONVERSION = YES;
				CLANG_WARN_DEPRECATED_OBJC_IMPLEMENTATIONS = YES;
				CLANG_WARN_DIRECT_OBJC_ISA_USAGE = YES_ERROR;
				CLANG_WARN_DOCUMENTATION_COMMENTS = YES;
				CLANG_WARN_EMPTY_BODY = YES;
				CLANG_WARN_ENUM_CONVERSION = YES;
				CLANG_WARN_INFINITE_RECURSION = YES;
				CLANG_WARN_INT_CONVERSION = YES;
				CLANG_WARN_NON_LITERAL_NULL_CONVERSION = YES;
				CLANG_WARN_OBJC_IMPLICIT_RETAIN_SELF = YES;
				CLANG_WARN_OBJC_LITERAL_CONVERSION = YES;
				CLANG_WARN_OBJC_ROOT_CLASS = YES_ERROR;
				CLANG_WARN_RANGE_LOOP_ANALYSIS = YES;
				CLANG_WARN_STRICT_PROTOTYPES = YES;
				CLANG_WARN_SUSPICIOUS_MOVE = YES;
				CLANG_WARN_UNGUARDED_AVAILABILITY = YES_AGGRESSIVE;
				CLANG_WARN_UNREACHABLE_CODE = YES;
				CLANG_WARN__DUPLICATE_METHOD_MATCH = YES;
				COPY_PHASE_STRIP = NO;
				DEBUG_INFORMATION_FORMAT = dwarf;
				ENABLE_STRICT_OBJC_MSGSEND = YES;
				ENABLE_TESTABILITY = YES;
				GCC_C_LANGUAGE_STANDARD = gnu11;
				GCC_DYNAMIC_NO_PIC = NO;
				GCC_NO_COMMON_BLOCKS = YES;
				GCC_OPTIMIZATION_LEVEL = 0;
				GCC_PREPROCESSOR_DEFINITIONS = (
					"DEBUG=1",
					"$(inherited)",
				);
				GCC_WARN_64_TO_32_BIT_CONVERSION = YES;
				GCC_WARN_ABOUT_RETURN_TYPE = YES_ERROR;
				GCC_WARN_UNDECLARED_SELECTOR = YES;
				GCC_WARN_UNINITIALIZED_AUTOS = YES_AGGRESSIVE;
				GCC_WARN_UNUSED_FUNCTION = YES;
				GCC_WARN_UNUSED_VARIABLE = YES;
				IPHONEOS_DEPLOYMENT_TARGET = 13.4;
				MTL_ENABLE_DEBUG_INFO = INCLUDE_SOURCE;
				MTL_FAST_MATH = YES;
				ONLY_ACTIVE_ARCH = YES;
				SDKROOT = iphoneos;
				SWIFT_ACTIVE_COMPILATION_CONDITIONS = DEBUG;
				SWIFT_OPTIMIZATION_LEVEL = "-Onone";
			};
			name = Debug;
		};
		21DEEEC92480606200CDE4E0 /* Release */ = {
			isa = XCBuildConfiguration;
			buildSettings = {
				ALWAYS_SEARCH_USER_PATHS = NO;
				CLANG_ANALYZER_NONNULL = YES;
				CLANG_ANALYZER_NUMBER_OBJECT_CONVERSION = YES_AGGRESSIVE;
				CLANG_CXX_LANGUAGE_STANDARD = "gnu++14";
				CLANG_CXX_LIBRARY = "libc++";
				CLANG_ENABLE_MODULES = YES;
				CLANG_ENABLE_OBJC_ARC = YES;
				CLANG_ENABLE_OBJC_WEAK = YES;
				CLANG_WARN_BLOCK_CAPTURE_AUTORELEASING = YES;
				CLANG_WARN_BOOL_CONVERSION = YES;
				CLANG_WARN_COMMA = YES;
				CLANG_WARN_CONSTANT_CONVERSION = YES;
				CLANG_WARN_DEPRECATED_OBJC_IMPLEMENTATIONS = YES;
				CLANG_WARN_DIRECT_OBJC_ISA_USAGE = YES_ERROR;
				CLANG_WARN_DOCUMENTATION_COMMENTS = YES;
				CLANG_WARN_EMPTY_BODY = YES;
				CLANG_WARN_ENUM_CONVERSION = YES;
				CLANG_WARN_INFINITE_RECURSION = YES;
				CLANG_WARN_INT_CONVERSION = YES;
				CLANG_WARN_NON_LITERAL_NULL_CONVERSION = YES;
				CLANG_WARN_OBJC_IMPLICIT_RETAIN_SELF = YES;
				CLANG_WARN_OBJC_LITERAL_CONVERSION = YES;
				CLANG_WARN_OBJC_ROOT_CLASS = YES_ERROR;
				CLANG_WARN_RANGE_LOOP_ANALYSIS = YES;
				CLANG_WARN_STRICT_PROTOTYPES = YES;
				CLANG_WARN_SUSPICIOUS_MOVE = YES;
				CLANG_WARN_UNGUARDED_AVAILABILITY = YES_AGGRESSIVE;
				CLANG_WARN_UNREACHABLE_CODE = YES;
				CLANG_WARN__DUPLICATE_METHOD_MATCH = YES;
				COPY_PHASE_STRIP = NO;
				DEBUG_INFORMATION_FORMAT = "dwarf-with-dsym";
				ENABLE_NS_ASSERTIONS = NO;
				ENABLE_STRICT_OBJC_MSGSEND = YES;
				GCC_C_LANGUAGE_STANDARD = gnu11;
				GCC_NO_COMMON_BLOCKS = YES;
				GCC_WARN_64_TO_32_BIT_CONVERSION = YES;
				GCC_WARN_ABOUT_RETURN_TYPE = YES_ERROR;
				GCC_WARN_UNDECLARED_SELECTOR = YES;
				GCC_WARN_UNINITIALIZED_AUTOS = YES_AGGRESSIVE;
				GCC_WARN_UNUSED_FUNCTION = YES;
				GCC_WARN_UNUSED_VARIABLE = YES;
				IPHONEOS_DEPLOYMENT_TARGET = 13.4;
				MTL_ENABLE_DEBUG_INFO = NO;
				MTL_FAST_MATH = YES;
				SDKROOT = iphoneos;
				SWIFT_COMPILATION_MODE = wholemodule;
				SWIFT_OPTIMIZATION_LEVEL = "-O";
				VALIDATE_PRODUCT = YES;
			};
			name = Release;
		};
		21DEEECB2480606200CDE4E0 /* Debug */ = {
			isa = XCBuildConfiguration;
			buildSettings = {
				ASSETCATALOG_COMPILER_APPICON_NAME = AppIcon;
				CODE_SIGN_STYLE = Automatic;
				DEVELOPMENT_TEAM = B4V4SWPR7J;
				INFOPLIST_FILE = XyloLearn/Info.plist;
				LD_RUNPATH_SEARCH_PATHS = (
					"$(inherited)",
					"@executable_path/Frameworks",
				);
				PRODUCT_BUNDLE_IDENTIFIER = com.bubbapedia.xylolearn1.Paisa7;
				PRODUCT_NAME = "$(TARGET_NAME)";
				SWIFT_VERSION = 5.0;
				TARGETED_DEVICE_FAMILY = "1,2";
			};
			name = Debug;
		};
		21DEEECC2480606200CDE4E0 /* Release */ = {
			isa = XCBuildConfiguration;
			buildSettings = {
				ASSETCATALOG_COMPILER_APPICON_NAME = AppIcon;
				CODE_SIGN_STYLE = Automatic;
				DEVELOPMENT_TEAM = B4V4SWPR7J;
				INFOPLIST_FILE = XyloLearn/Info.plist;
				LD_RUNPATH_SEARCH_PATHS = (
					"$(inherited)",
					"@executable_path/Frameworks",
				);
				PRODUCT_BUNDLE_IDENTIFIER = com.bubbapedia.xylolearn1.Paisa7;
				PRODUCT_NAME = "$(TARGET_NAME)";
				SWIFT_VERSION = 5.0;
				TARGETED_DEVICE_FAMILY = "1,2";
			};
			name = Release;
		};
/* End XCBuildConfiguration section */

/* Begin XCConfigurationList section */
		21DEEEB12480605F00CDE4E0 /* Build configuration list for PBXProject "XyloLearn" */ = {
			isa = XCConfigurationList;
			buildConfigurations = (
				21DEEEC82480606200CDE4E0 /* Debug */,
				21DEEEC92480606200CDE4E0 /* Release */,
			);
			defaultConfigurationIsVisible = 0;
			defaultConfigurationName = Release;
		};
		21DEEECA2480606200CDE4E0 /* Build configuration list for PBXNativeTarget "XyloLearn" */ = {
			isa = XCConfigurationList;
			buildConfigurations = (
				21DEEECB2480606200CDE4E0 /* Debug */,
				21DEEECC2480606200CDE4E0 /* Release */,
			);
			defaultConfigurationIsVisible = 0;
			defaultConfigurationName = Release;
		};
/* End XCConfigurationList section */
	};
	rootObject = 21DEEEAE2480605F00CDE4E0 /* Project object */;
}
