// !$*UTF8*$!
{
	archiveVersion = 1;
	classes = {
	};
	objectVersion = 50;
	objects = {

/* Begin PBXBuildFile section */
		210ADFC324A357370054E861 /* animatedApple.gif in Resources */ = {isa = PBXBuildFile; fileRef = 210ADFBC24A357360054E861 /* animatedApple.gif */; };
		210ADFC424A357370054E861 /* animatedPear.gif in Resources */ = {isa = PBXBuildFile; fileRef = 210ADFBD24A357360054E861 /* animatedPear.gif */; };
		210ADFC524A357370054E861 /* animatedStrawberry.gif in Resources */ = {isa = PBXBuildFile; fileRef = 210ADFBE24A357370054E861 /* animatedStrawberry.gif */; };
		210ADFC624A357370054E861 /* animatedGrapes.gif in Resources */ = {isa = PBXBuildFile; fileRef = 210ADFBF24A357370054E861 /* animatedGrapes.gif */; };
		210ADFC724A357370054E861 /* animatedBanana.gif in Resources */ = {isa = PBXBuildFile; fileRef = 210ADFC024A357370054E861 /* animatedBanana.gif */; };
		210ADFC824A357370054E861 /* animatedWatermelon.gif in Resources */ = {isa = PBXBuildFile; fileRef = 210ADFC124A357370054E861 /* animatedWatermelon.gif */; };
		210ADFC924A357370054E861 /* animatedOrange.gif in Resources */ = {isa = PBXBuildFile; fileRef = 210ADFC224A357370054E861 /* animatedOrange.gif */; };
		210ADFD124A3574A0054E861 /* animatedBroccoli.gif in Resources */ = {isa = PBXBuildFile; fileRef = 210ADFCA24A357490054E861 /* animatedBroccoli.gif */; };
		210ADFD224A3574A0054E861 /* animatedPotato.gif in Resources */ = {isa = PBXBuildFile; fileRef = 210ADFCB24A357490054E861 /* animatedPotato.gif */; };
		210ADFD324A3574A0054E861 /* animatedCapsicum.gif in Resources */ = {isa = PBXBuildFile; fileRef = 210ADFCC24A357490054E861 /* animatedCapsicum.gif */; };
		210ADFD424A3574A0054E861 /* animatedCarrot.gif in Resources */ = {isa = PBXBuildFile; fileRef = 210ADFCD24A3574A0054E861 /* animatedCarrot.gif */; };
		210ADFD524A3574A0054E861 /* animatedMushroom.gif in Resources */ = {isa = PBXBuildFile; fileRef = 210ADFCE24A3574A0054E861 /* animatedMushroom.gif */; };
		210ADFD624A3574A0054E861 /* animatedPumpkin.gif in Resources */ = {isa = PBXBuildFile; fileRef = 210ADFCF24A3574A0054E861 /* animatedPumpkin.gif */; };
		210ADFD724A3574A0054E861 /* animatedPeas.gif in Resources */ = {isa = PBXBuildFile; fileRef = 210ADFD024A3574A0054E861 /* animatedPeas.gif */; };
		210ADFDF24A357580054E861 /* animatedLion.gif in Resources */ = {isa = PBXBuildFile; fileRef = 210ADFD824A357580054E861 /* animatedLion.gif */; };
		210ADFE024A357580054E861 /* animatedCat.gif in Resources */ = {isa = PBXBuildFile; fileRef = 210ADFD924A357580054E861 /* animatedCat.gif */; };
		210ADFE124A357580054E861 /* animatedKangaroo.gif in Resources */ = {isa = PBXBuildFile; fileRef = 210ADFDA24A357580054E861 /* animatedKangaroo.gif */; };
		210ADFE224A357580054E861 /* animatedFish.gif in Resources */ = {isa = PBXBuildFile; fileRef = 210ADFDB24A357580054E861 /* animatedFish.gif */; };
		210ADFE324A357580054E861 /* animatedBunny.gif in Resources */ = {isa = PBXBuildFile; fileRef = 210ADFDC24A357580054E861 /* animatedBunny.gif */; };
		210ADFE424A357580054E861 /* animatedFrog.gif in Resources */ = {isa = PBXBuildFile; fileRef = 210ADFDD24A357580054E861 /* animatedFrog.gif */; };
		210ADFE524A357580054E861 /* animatedGoat.gif in Resources */ = {isa = PBXBuildFile; fileRef = 210ADFDE24A357580054E861 /* animatedGoat.gif */; };
		2118D64C2575DD3900A373D2 /* Apple1.wav in Resources */ = {isa = PBXBuildFile; fileRef = 2118D64B2575DD3900A373D2 /* Apple1.wav */; };
		2118D64F2575DD9600A373D2 /* Fish.wav in Resources */ = {isa = PBXBuildFile; fileRef = 2118D64E2575DD9600A373D2 /* Fish.wav */; };
		2118D66E2575E28800A373D2 /* Fish1.wav in Resources */ = {isa = PBXBuildFile; fileRef = 2118D6512575E28500A373D2 /* Fish1.wav */; };
		2118D66F2575E28800A373D2 /* Frog.wav in Resources */ = {isa = PBXBuildFile; fileRef = 2118D6522575E28500A373D2 /* Frog.wav */; };
		2118D6702575E28800A373D2 /* Apple2.wav in Resources */ = {isa = PBXBuildFile; fileRef = 2118D6532575E28600A373D2 /* Apple2.wav */; };
		2118D6712575E28800A373D2 /* Mushroom.wav in Resources */ = {isa = PBXBuildFile; fileRef = 2118D6542575E28600A373D2 /* Mushroom.wav */; };
		2118D6722575E28800A373D2 /* Blue.wav in Resources */ = {isa = PBXBuildFile; fileRef = 2118D6552575E28600A373D2 /* Blue.wav */; };
		2118D6732575E28800A373D2 /* Bunny.wav in Resources */ = {isa = PBXBuildFile; fileRef = 2118D6562575E28600A373D2 /* Bunny.wav */; };
		2118D6742575E28800A373D2 /* Lion.wav in Resources */ = {isa = PBXBuildFile; fileRef = 2118D6572575E28600A373D2 /* Lion.wav */; };
		2118D6752575E28800A373D2 /* Green1.wav in Resources */ = {isa = PBXBuildFile; fileRef = 2118D6582575E28600A373D2 /* Green1.wav */; };
		2118D6762575E28800A373D2 /* Xylolearn.wav in Resources */ = {isa = PBXBuildFile; fileRef = 2118D6592575E28600A373D2 /* Xylolearn.wav */; };
		2118D6772575E28800A373D2 /* Pear1.wav in Resources */ = {isa = PBXBuildFile; fileRef = 2118D65A2575E28600A373D2 /* Pear1.wav */; };
		2118D6782575E28800A373D2 /* Peas.wav in Resources */ = {isa = PBXBuildFile; fileRef = 2118D65B2575E28600A373D2 /* Peas.wav */; };
		2118D6792575E28800A373D2 /* Cat.wav in Resources */ = {isa = PBXBuildFile; fileRef = 2118D65C2575E28600A373D2 /* Cat.wav */; };
		2118D67A2575E28800A373D2 /* Dog.wav in Resources */ = {isa = PBXBuildFile; fileRef = 2118D65D2575E28700A373D2 /* Dog.wav */; };
		2118D67B2575E28800A373D2 /* Grape.wav in Resources */ = {isa = PBXBuildFile; fileRef = 2118D65E2575E28700A373D2 /* Grape.wav */; };
		2118D67C2575E28800A373D2 /* Pear2.wav in Resources */ = {isa = PBXBuildFile; fileRef = 2118D65F2575E28700A373D2 /* Pear2.wav */; };
		2118D67D2575E28800A373D2 /* Grape1.wav in Resources */ = {isa = PBXBuildFile; fileRef = 2118D6602575E28700A373D2 /* Grape1.wav */; };
		2118D67E2575E28800A373D2 /* Kangaroo.wav in Resources */ = {isa = PBXBuildFile; fileRef = 2118D6612575E28700A373D2 /* Kangaroo.wav */; };
		2118D6802575E28800A373D2 /* Orange2.wav in Resources */ = {isa = PBXBuildFile; fileRef = 2118D6632575E28700A373D2 /* Orange2.wav */; };
		2118D6812575E28800A373D2 /* Goat.wav in Resources */ = {isa = PBXBuildFile; fileRef = 2118D6642575E28700A373D2 /* Goat.wav */; };
		2118D6822575E28800A373D2 /* Orange1.wav in Resources */ = {isa = PBXBuildFile; fileRef = 2118D6652575E28700A373D2 /* Orange1.wav */; };
		2118D6832575E28800A373D2 /* Monkey.wav in Resources */ = {isa = PBXBuildFile; fileRef = 2118D6662575E28800A373D2 /* Monkey.wav */; };
		2118D6852575E28800A373D2 /* Broccoli.wav in Resources */ = {isa = PBXBuildFile; fileRef = 2118D6682575E28800A373D2 /* Broccoli.wav */; };
		2118D6862575E28800A373D2 /* Kiwi.wav in Resources */ = {isa = PBXBuildFile; fileRef = 2118D6692575E28800A373D2 /* Kiwi.wav */; };
		2118D6872575E28800A373D2 /* Capsicum.wav in Resources */ = {isa = PBXBuildFile; fileRef = 2118D66A2575E28800A373D2 /* Capsicum.wav */; };
		2118D6882575E28800A373D2 /* Strawberry1.wav in Resources */ = {isa = PBXBuildFile; fileRef = 2118D66B2575E28800A373D2 /* Strawberry1.wav */; };
		2118D6892575E28800A373D2 /* Strawberry2.wav in Resources */ = {isa = PBXBuildFile; fileRef = 2118D66C2575E28800A373D2 /* Strawberry2.wav */; };
		2118D68A2575E28800A373D2 /* Banana.wav in Resources */ = {isa = PBXBuildFile; fileRef = 2118D66D2575E28800A373D2 /* Banana.wav */; };
		212DB946248069E5000BF378 /* Swift+SpecialEffects.swift in Sources */ = {isa = PBXBuildFile; fileRef = 212DB945248069E5000BF378 /* Swift+SpecialEffects.swift */; };
		212DB94824806A14000BF378 /* Swift+Gif.swift in Sources */ = {isa = PBXBuildFile; fileRef = 212DB94724806A14000BF378 /* Swift+Gif.swift */; };
		212E413424D2B77400FBE319 /* StartupPageViewController.swift in Sources */ = {isa = PBXBuildFile; fileRef = 212E413324D2B77400FBE319 /* StartupPageViewController.swift */; };
		21336918257F3CB800CE7163 /* Sound.swift in Sources */ = {isa = PBXBuildFile; fileRef = 21336917257F3CB800CE7163 /* Sound.swift */; };
		2153D7A424D41A5D00466564 /* HomePageViewController.swift in Sources */ = {isa = PBXBuildFile; fileRef = 2153D7A324D41A5D00466564 /* HomePageViewController.swift */; };
		215F55EC24DE62AD00FF401A /* homeGif.gif in Resources */ = {isa = PBXBuildFile; fileRef = 215F55EB24DE62AD00FF401A /* homeGif.gif */; };
		215F55EE24DEBFEA00FF401A /* UIButtonExtension.swift in Sources */ = {isa = PBXBuildFile; fileRef = 215F55ED24DEBFEA00FF401A /* UIButtonExtension.swift */; };
		218C8912251769BB00160605 /* PopUpViewController.swift in Sources */ = {isa = PBXBuildFile; fileRef = 218C8911251769BB00160605 /* PopUpViewController.swift */; };
		218C8914251888DD00160605 /* ImageSizeExtension.swift in Sources */ = {isa = PBXBuildFile; fileRef = 218C8913251888DD00160605 /* ImageSizeExtension.swift */; };
		219569D124F23C300055D2DE /* xyloViewController.swift in Sources */ = {isa = PBXBuildFile; fileRef = 219569D024F23C300055D2DE /* xyloViewController.swift */; };
		219569D324F677A60055D2DE /* xyloLaunchScreen.storyboard in Resources */ = {isa = PBXBuildFile; fileRef = 219569D224F677A60055D2DE /* xyloLaunchScreen.storyboard */; };
		21AC01982550EE9F00973AF5 /* A.wav in Resources */ = {isa = PBXBuildFile; fileRef = 21AC01912550EE9F00973AF5 /* A.wav */; };
		21AC01992550EE9F00973AF5 /* C.wav in Resources */ = {isa = PBXBuildFile; fileRef = 21AC01922550EE9F00973AF5 /* C.wav */; };
		21AC019A2550EE9F00973AF5 /* B.wav in Resources */ = {isa = PBXBuildFile; fileRef = 21AC01932550EE9F00973AF5 /* B.wav */; };
		21AC019B2550EE9F00973AF5 /* F.wav in Resources */ = {isa = PBXBuildFile; fileRef = 21AC01942550EE9F00973AF5 /* F.wav */; };
		21AC019C2550EE9F00973AF5 /* G.wav in Resources */ = {isa = PBXBuildFile; fileRef = 21AC01952550EE9F00973AF5 /* G.wav */; };
		21AC019D2550EE9F00973AF5 /* E.wav in Resources */ = {isa = PBXBuildFile; fileRef = 21AC01962550EE9F00973AF5 /* E.wav */; };
		21AC019E2550EE9F00973AF5 /* D.wav in Resources */ = {isa = PBXBuildFile; fileRef = 21AC01972550EE9F00973AF5 /* D.wav */; };
		21AC01A2255623FA00973AF5 /* animatedDog.gif in Resources */ = {isa = PBXBuildFile; fileRef = 21AC01A1255623FA00973AF5 /* animatedDog.gif */; };
		21AC01AA2563421E00973AF5 /* animatedHeart.gif in Resources */ = {isa = PBXBuildFile; fileRef = 21AC01A32563421D00973AF5 /* animatedHeart.gif */; };
		21AC01AB2563421E00973AF5 /* animatedStar.gif in Resources */ = {isa = PBXBuildFile; fileRef = 21AC01A42563421D00973AF5 /* animatedStar.gif */; };
		21AC01AC2563421E00973AF5 /* animatedSquare.gif in Resources */ = {isa = PBXBuildFile; fileRef = 21AC01A52563421E00973AF5 /* animatedSquare.gif */; };
		21AC01AD2563421E00973AF5 /* animatedCircle.gif in Resources */ = {isa = PBXBuildFile; fileRef = 21AC01A62563421E00973AF5 /* animatedCircle.gif */; };
		21AC01AE2563421E00973AF5 /* animatedRectangle.gif in Resources */ = {isa = PBXBuildFile; fileRef = 21AC01A72563421E00973AF5 /* animatedRectangle.gif */; };
		21AC01AF2563421E00973AF5 /* animatedTriangle.gif in Resources */ = {isa = PBXBuildFile; fileRef = 21AC01A82563421E00973AF5 /* animatedTriangle.gif */; };
		21AC01B02563421E00973AF5 /* animatedOval.gif in Resources */ = {isa = PBXBuildFile; fileRef = 21AC01A92563421E00973AF5 /* animatedOval.gif */; };
		21AC01B82563423500973AF5 /* animated6.gif in Resources */ = {isa = PBXBuildFile; fileRef = 21AC01B12563423500973AF5 /* animated6.gif */; };
		21AC01B92563423500973AF5 /* animated5.gif in Resources */ = {isa = PBXBuildFile; fileRef = 21AC01B22563423500973AF5 /* animated5.gif */; };
		21AC01BA2563423500973AF5 /* animated3.gif in Resources */ = {isa = PBXBuildFile; fileRef = 21AC01B32563423500973AF5 /* animated3.gif */; };
		21AC01BB2563423500973AF5 /* animated1.gif in Resources */ = {isa = PBXBuildFile; fileRef = 21AC01B42563423500973AF5 /* animated1.gif */; };
		21AC01BC2563423500973AF5 /* animated4.gif in Resources */ = {isa = PBXBuildFile; fileRef = 21AC01B52563423500973AF5 /* animated4.gif */; };
		21AC01BD2563423500973AF5 /* animated2.gif in Resources */ = {isa = PBXBuildFile; fileRef = 21AC01B62563423500973AF5 /* animated2.gif */; };
		21AC01BE2563423500973AF5 /* animated7.gif in Resources */ = {isa = PBXBuildFile; fileRef = 21AC01B72563423500973AF5 /* animated7.gif */; };
		21AC01C02563443000973AF5 /* ShapesViewController.swift in Sources */ = {isa = PBXBuildFile; fileRef = 21AC01BF2563443000973AF5 /* ShapesViewController.swift */; };
		21AC01C2256344F500973AF5 /* NumbersViewController.swift in Sources */ = {isa = PBXBuildFile; fileRef = 21AC01C1256344F500973AF5 /* NumbersViewController.swift */; };
		21DEEEBA2480605F00CDE4E0 /* AppDelegate.swift in Sources */ = {isa = PBXBuildFile; fileRef = 21DEEEB92480605F00CDE4E0 /* AppDelegate.swift */; };
		21DEEEBC2480605F00CDE4E0 /* SceneDelegate.swift in Sources */ = {isa = PBXBuildFile; fileRef = 21DEEEBB2480605F00CDE4E0 /* SceneDelegate.swift */; };
		21DEEEBE2480605F00CDE4E0 /* ColorsViewController.swift in Sources */ = {isa = PBXBuildFile; fileRef = 21DEEEBD2480605F00CDE4E0 /* ColorsViewController.swift */; };
		21DEEEC12480605F00CDE4E0 /* Main.storyboard in Resources */ = {isa = PBXBuildFile; fileRef = 21DEEEBF2480605F00CDE4E0 /* Main.storyboard */; };
		21DEEEC32480606200CDE4E0 /* Assets.xcassets in Resources */ = {isa = PBXBuildFile; fileRef = 21DEEEC22480606200CDE4E0 /* Assets.xcassets */; };
		21DEEECE2480624500CDE4E0 /* VegetablesViewController.swift in Sources */ = {isa = PBXBuildFile; fileRef = 21DEEECD2480624500CDE4E0 /* VegetablesViewController.swift */; };
		21DEEED02480632C00CDE4E0 /* FruitsViewController.swift in Sources */ = {isa = PBXBuildFile; fileRef = 21DEEECF2480632C00CDE4E0 /* FruitsViewController.swift */; };
		21DEEED22480639B00CDE4E0 /* AnimalsViewController.swift in Sources */ = {isa = PBXBuildFile; fileRef = 21DEEED12480639B00CDE4E0 /* AnimalsViewController.swift */; };
		21E3A4EF25901922000DE13E /* Seven.wav in Resources */ = {isa = PBXBuildFile; fileRef = 21E3A4E125901922000DE13E /* Seven.wav */; };
		21E3A4F025901922000DE13E /* Star.wav in Resources */ = {isa = PBXBuildFile; fileRef = 21E3A4E225901922000DE13E /* Star.wav */; };
		21E3A4F125901922000DE13E /* Three.wav in Resources */ = {isa = PBXBuildFile; fileRef = 21E3A4E325901922000DE13E /* Three.wav */; };
		21E3A4F225901922000DE13E /* Triangle.wav in Resources */ = {isa = PBXBuildFile; fileRef = 21E3A4E425901922000DE13E /* Triangle.wav */; };
		21E3A4F325901922000DE13E /* Circle.wav in Resources */ = {isa = PBXBuildFile; fileRef = 21E3A4E525901922000DE13E /* Circle.wav */; };
		21E3A4F425901922000DE13E /* Six.wav in Resources */ = {isa = PBXBuildFile; fileRef = 21E3A4E625901922000DE13E /* Six.wav */; };
		21E3A4F525901922000DE13E /* Five.wav in Resources */ = {isa = PBXBuildFile; fileRef = 21E3A4E725901922000DE13E /* Five.wav */; };
		21E3A4F625901922000DE13E /* Four.wav in Resources */ = {isa = PBXBuildFile; fileRef = 21E3A4E825901922000DE13E /* Four.wav */; };
		21E3A4F725901922000DE13E /* Oval.wav in Resources */ = {isa = PBXBuildFile; fileRef = 21E3A4E925901922000DE13E /* Oval.wav */; };
		21E3A4F825901922000DE13E /* Square.wav in Resources */ = {isa = PBXBuildFile; fileRef = 21E3A4EA25901922000DE13E /* Square.wav */; };
		21E3A4F925901922000DE13E /* Two.wav in Resources */ = {isa = PBXBuildFile; fileRef = 21E3A4EB25901922000DE13E /* Two.wav */; };
		21E3A4FA25901922000DE13E /* One.wav in Resources */ = {isa = PBXBuildFile; fileRef = 21E3A4EC25901922000DE13E /* One.wav */; };
		21E3A4FB25901922000DE13E /* Heart.wav in Resources */ = {isa = PBXBuildFile; fileRef = 21E3A4ED25901922000DE13E /* Heart.wav */; };
		21E3A4FC25901922000DE13E /* Rectangle.wav in Resources */ = {isa = PBXBuildFile; fileRef = 21E3A4EE25901922000DE13E /* Rectangle.wav */; };
		21E3A52A2591A1E4000DE13E /* 2.gif in Resources */ = {isa = PBXBuildFile; fileRef = 21E3A5222591A1E4000DE13E /* 2.gif */; };
		21E3A52B2591A1E4000DE13E /* 1.gif in Resources */ = {isa = PBXBuildFile; fileRef = 21E3A5232591A1E4000DE13E /* 1.gif */; };
		21E3A52C2591A1E4000DE13E /* 3.gif in Resources */ = {isa = PBXBuildFile; fileRef = 21E3A5242591A1E4000DE13E /* 3.gif */; };
		21E3A52D2591A1E4000DE13E /* instructions.gif in Resources */ = {isa = PBXBuildFile; fileRef = 21E3A5252591A1E4000DE13E /* instructions.gif */; };
		21E3A52E2591A1E4000DE13E /* 6.gif in Resources */ = {isa = PBXBuildFile; fileRef = 21E3A5262591A1E4000DE13E /* 6.gif */; };
		21E3A52F2591A1E4000DE13E /* 5.gif in Resources */ = {isa = PBXBuildFile; fileRef = 21E3A5272591A1E4000DE13E /* 5.gif */; };
		21E3A5302591A1E4000DE13E /* 7.gif in Resources */ = {isa = PBXBuildFile; fileRef = 21E3A5282591A1E4000DE13E /* 7.gif */; };
		21E3A5312591A1E4000DE13E /* 4.gif in Resources */ = {isa = PBXBuildFile; fileRef = 21E3A5292591A1E4000DE13E /* 4.gif */; };
		21E3A5392591C328000DE13E /* Blue1.wav in Resources */ = {isa = PBXBuildFile; fileRef = 21E3A5332591C328000DE13E /* Blue1.wav */; };
		21E3A53A2591C328000DE13E /* Yellow.wav in Resources */ = {isa = PBXBuildFile; fileRef = 21E3A5342591C328000DE13E /* Yellow.wav */; };
		21E3A53B2591C328000DE13E /* Red.wav in Resources */ = {isa = PBXBuildFile; fileRef = 21E3A5352591C328000DE13E /* Red.wav */; };
		21E3A53C2591C328000DE13E /* Orange.wav in Resources */ = {isa = PBXBuildFile; fileRef = 21E3A5362591C328000DE13E /* Orange.wav */; };
		21E3A53D2591C328000DE13E /* Green3.wav in Resources */ = {isa = PBXBuildFile; fileRef = 21E3A5372591C328000DE13E /* Green3.wav */; };
		21E3A53E2591C328000DE13E /* Pink.wav in Resources */ = {isa = PBXBuildFile; fileRef = 21E3A5382591C328000DE13E /* Pink.wav */; };
		21EBF0822534039D00516C44 /* blue.gif in Resources */ = {isa = PBXBuildFile; fileRef = 21EBF0792534039B00516C44 /* blue.gif */; };
		21EBF0832534039D00516C44 /* pink.gif in Resources */ = {isa = PBXBuildFile; fileRef = 21EBF07A2534039B00516C44 /* pink.gif */; };
		21EBF0842534039D00516C44 /* red zigzag.gif in Resources */ = {isa = PBXBuildFile; fileRef = 21EBF07B2534039B00516C44 /* red zigzag.gif */; };
		21EBF0852534039D00516C44 /* lightblue.gif in Resources */ = {isa = PBXBuildFile; fileRef = 21EBF07C2534039C00516C44 /* lightblue.gif */; };
		21EBF0862534039D00516C44 /* orange.gif in Resources */ = {isa = PBXBuildFile; fileRef = 21EBF07D2534039C00516C44 /* orange.gif */; };
		21EBF0872534039D00516C44 /* green.gif in Resources */ = {isa = PBXBuildFile; fileRef = 21EBF07E2534039C00516C44 /* green.gif */; };
		21EBF0882534039D00516C44 /* yellow.gif in Resources */ = {isa = PBXBuildFile; fileRef = 21EBF07F2534039C00516C44 /* yellow.gif */; };
		21EBF0892534039D00516C44 /* redheart.gif in Resources */ = {isa = PBXBuildFile; fileRef = 21EBF0802534039C00516C44 /* redheart.gif */; };
		21EBF08A2534039D00516C44 /* purple.gif in Resources */ = {isa = PBXBuildFile; fileRef = 21EBF0812534039D00516C44 /* purple.gif */; };
/* End PBXBuildFile section */

/* Begin PBXFileReference section */
		210ADFBC24A357360054E861 /* animatedApple.gif */ = {isa = PBXFileReference; lastKnownFileType = image.gif; name = animatedApple.gif; path = Images/GIFS/Fruits/animatedApple.gif; sourceTree = SOURCE_ROOT; };
		210ADFBD24A357360054E861 /* animatedPear.gif */ = {isa = PBXFileReference; lastKnownFileType = image.gif; name = animatedPear.gif; path = Images/GIFS/Fruits/animatedPear.gif; sourceTree = SOURCE_ROOT; };
		210ADFBE24A357370054E861 /* animatedStrawberry.gif */ = {isa = PBXFileReference; lastKnownFileType = image.gif; name = animatedStrawberry.gif; path = Images/GIFS/Fruits/animatedStrawberry.gif; sourceTree = SOURCE_ROOT; };
		210ADFBF24A357370054E861 /* animatedGrapes.gif */ = {isa = PBXFileReference; lastKnownFileType = image.gif; name = animatedGrapes.gif; path = Images/GIFS/Fruits/animatedGrapes.gif; sourceTree = SOURCE_ROOT; };
		210ADFC024A357370054E861 /* animatedBanana.gif */ = {isa = PBXFileReference; lastKnownFileType = image.gif; name = animatedBanana.gif; path = Images/GIFS/Fruits/animatedBanana.gif; sourceTree = SOURCE_ROOT; };
		210ADFC124A357370054E861 /* animatedWatermelon.gif */ = {isa = PBXFileReference; lastKnownFileType = image.gif; name = animatedWatermelon.gif; path = Images/GIFS/Fruits/animatedWatermelon.gif; sourceTree = SOURCE_ROOT; };
		210ADFC224A357370054E861 /* animatedOrange.gif */ = {isa = PBXFileReference; lastKnownFileType = image.gif; name = animatedOrange.gif; path = Images/GIFS/Fruits/animatedOrange.gif; sourceTree = SOURCE_ROOT; };
		210ADFCA24A357490054E861 /* animatedBroccoli.gif */ = {isa = PBXFileReference; lastKnownFileType = image.gif; name = animatedBroccoli.gif; path = Images/GIFS/Veges/animatedBroccoli.gif; sourceTree = SOURCE_ROOT; };
		210ADFCB24A357490054E861 /* animatedPotato.gif */ = {isa = PBXFileReference; lastKnownFileType = image.gif; name = animatedPotato.gif; path = Images/GIFS/Veges/animatedPotato.gif; sourceTree = SOURCE_ROOT; };
		210ADFCC24A357490054E861 /* animatedCapsicum.gif */ = {isa = PBXFileReference; lastKnownFileType = image.gif; name = animatedCapsicum.gif; path = Images/GIFS/Veges/animatedCapsicum.gif; sourceTree = SOURCE_ROOT; };
		210ADFCD24A3574A0054E861 /* animatedCarrot.gif */ = {isa = PBXFileReference; lastKnownFileType = image.gif; name = animatedCarrot.gif; path = Images/GIFS/Veges/animatedCarrot.gif; sourceTree = SOURCE_ROOT; };
		210ADFCE24A3574A0054E861 /* animatedMushroom.gif */ = {isa = PBXFileReference; lastKnownFileType = image.gif; name = animatedMushroom.gif; path = Images/GIFS/Veges/animatedMushroom.gif; sourceTree = SOURCE_ROOT; };
		210ADFCF24A3574A0054E861 /* animatedPumpkin.gif */ = {isa = PBXFileReference; lastKnownFileType = image.gif; name = animatedPumpkin.gif; path = Images/GIFS/Veges/animatedPumpkin.gif; sourceTree = SOURCE_ROOT; };
		210ADFD024A3574A0054E861 /* animatedPeas.gif */ = {isa = PBXFileReference; lastKnownFileType = image.gif; name = animatedPeas.gif; path = Images/GIFS/Veges/animatedPeas.gif; sourceTree = SOURCE_ROOT; };
		210ADFD824A357580054E861 /* animatedLion.gif */ = {isa = PBXFileReference; lastKnownFileType = image.gif; name = animatedLion.gif; path = Images/GIFS/Animals/animatedLion.gif; sourceTree = SOURCE_ROOT; };
		210ADFD924A357580054E861 /* animatedCat.gif */ = {isa = PBXFileReference; lastKnownFileType = image.gif; name = animatedCat.gif; path = Images/GIFS/Animals/animatedCat.gif; sourceTree = SOURCE_ROOT; };
		210ADFDA24A357580054E861 /* animatedKangaroo.gif */ = {isa = PBXFileReference; lastKnownFileType = image.gif; name = animatedKangaroo.gif; path = Images/GIFS/Animals/animatedKangaroo.gif; sourceTree = SOURCE_ROOT; };
		210ADFDB24A357580054E861 /* animatedFish.gif */ = {isa = PBXFileReference; lastKnownFileType = image.gif; name = animatedFish.gif; path = Images/GIFS/Animals/animatedFish.gif; sourceTree = SOURCE_ROOT; };
		210ADFDC24A357580054E861 /* animatedBunny.gif */ = {isa = PBXFileReference; lastKnownFileType = image.gif; name = animatedBunny.gif; path = Images/GIFS/Animals/animatedBunny.gif; sourceTree = SOURCE_ROOT; };
		210ADFDD24A357580054E861 /* animatedFrog.gif */ = {isa = PBXFileReference; lastKnownFileType = image.gif; name = animatedFrog.gif; path = Images/GIFS/Animals/animatedFrog.gif; sourceTree = SOURCE_ROOT; };
		210ADFDE24A357580054E861 /* animatedGoat.gif */ = {isa = PBXFileReference; lastKnownFileType = image.gif; name = animatedGoat.gif; path = Images/GIFS/Animals/animatedGoat.gif; sourceTree = SOURCE_ROOT; };
		2118D64B2575DD3900A373D2 /* Apple1.wav */ = {isa = PBXFileReference; lastKnownFileType = audio.wav; path = Apple1.wav; sourceTree = "<group>"; };
		2118D64E2575DD9600A373D2 /* Fish.wav */ = {isa = PBXFileReference; lastKnownFileType = audio.wav; path = Fish.wav; sourceTree = "<group>"; };
		2118D6512575E28500A373D2 /* Fish1.wav */ = {isa = PBXFileReference; lastKnownFileType = audio.wav; name = Fish1.wav; path = ../../../../Downloads/Fish1.wav; sourceTree = "<group>"; };
		2118D6522575E28500A373D2 /* Frog.wav */ = {isa = PBXFileReference; lastKnownFileType = audio.wav; path = Frog.wav; sourceTree = "<group>"; };
		2118D6532575E28600A373D2 /* Apple2.wav */ = {isa = PBXFileReference; lastKnownFileType = audio.wav; path = Apple2.wav; sourceTree = "<group>"; };
		2118D6542575E28600A373D2 /* Mushroom.wav */ = {isa = PBXFileReference; lastKnownFileType = audio.wav; path = Mushroom.wav; sourceTree = "<group>"; };
		2118D6552575E28600A373D2 /* Blue.wav */ = {isa = PBXFileReference; lastKnownFileType = audio.wav; path = Blue.wav; sourceTree = "<group>"; };
		2118D6562575E28600A373D2 /* Bunny.wav */ = {isa = PBXFileReference; lastKnownFileType = audio.wav; path = Bunny.wav; sourceTree = "<group>"; };
		2118D6572575E28600A373D2 /* Lion.wav */ = {isa = PBXFileReference; lastKnownFileType = audio.wav; path = Lion.wav; sourceTree = "<group>"; };
		2118D6582575E28600A373D2 /* Green1.wav */ = {isa = PBXFileReference; lastKnownFileType = audio.wav; path = Green1.wav; sourceTree = "<group>"; };
		2118D6592575E28600A373D2 /* Xylolearn.wav */ = {isa = PBXFileReference; lastKnownFileType = audio.wav; path = Xylolearn.wav; sourceTree = "<group>"; };
		2118D65A2575E28600A373D2 /* Pear1.wav */ = {isa = PBXFileReference; lastKnownFileType = audio.wav; path = Pear1.wav; sourceTree = "<group>"; };
		2118D65B2575E28600A373D2 /* Peas.wav */ = {isa = PBXFileReference; lastKnownFileType = audio.wav; path = Peas.wav; sourceTree = "<group>"; };
		2118D65C2575E28600A373D2 /* Cat.wav */ = {isa = PBXFileReference; lastKnownFileType = audio.wav; path = Cat.wav; sourceTree = "<group>"; };
		2118D65D2575E28700A373D2 /* Dog.wav */ = {isa = PBXFileReference; lastKnownFileType = audio.wav; path = Dog.wav; sourceTree = "<group>"; };
		2118D65E2575E28700A373D2 /* Grape.wav */ = {isa = PBXFileReference; lastKnownFileType = audio.wav; path = Grape.wav; sourceTree = "<group>"; };
		2118D65F2575E28700A373D2 /* Pear2.wav */ = {isa = PBXFileReference; lastKnownFileType = audio.wav; path = Pear2.wav; sourceTree = "<group>"; };
		2118D6602575E28700A373D2 /* Grape1.wav */ = {isa = PBXFileReference; lastKnownFileType = audio.wav; path = Grape1.wav; sourceTree = "<group>"; };
		2118D6612575E28700A373D2 /* Kangaroo.wav */ = {isa = PBXFileReference; lastKnownFileType = audio.wav; path = Kangaroo.wav; sourceTree = "<group>"; };
		2118D6632575E28700A373D2 /* Orange2.wav */ = {isa = PBXFileReference; lastKnownFileType = audio.wav; path = Orange2.wav; sourceTree = "<group>"; };
		2118D6642575E28700A373D2 /* Goat.wav */ = {isa = PBXFileReference; lastKnownFileType = audio.wav; path = Goat.wav; sourceTree = "<group>"; };
		2118D6652575E28700A373D2 /* Orange1.wav */ = {isa = PBXFileReference; lastKnownFileType = audio.wav; path = Orange1.wav; sourceTree = "<group>"; };
		2118D6662575E28800A373D2 /* Monkey.wav */ = {isa = PBXFileReference; lastKnownFileType = audio.wav; path = Monkey.wav; sourceTree = "<group>"; };
		2118D6682575E28800A373D2 /* Broccoli.wav */ = {isa = PBXFileReference; lastKnownFileType = audio.wav; path = Broccoli.wav; sourceTree = "<group>"; };
		2118D6692575E28800A373D2 /* Kiwi.wav */ = {isa = PBXFileReference; lastKnownFileType = audio.wav; path = Kiwi.wav; sourceTree = "<group>"; };
		2118D66A2575E28800A373D2 /* Capsicum.wav */ = {isa = PBXFileReference; lastKnownFileType = audio.wav; path = Capsicum.wav; sourceTree = "<group>"; };
		2118D66B2575E28800A373D2 /* Strawberry1.wav */ = {isa = PBXFileReference; lastKnownFileType = audio.wav; path = Strawberry1.wav; sourceTree = "<group>"; };
		2118D66C2575E28800A373D2 /* Strawberry2.wav */ = {isa = PBXFileReference; lastKnownFileType = audio.wav; path = Strawberry2.wav; sourceTree = "<group>"; };
		2118D66D2575E28800A373D2 /* Banana.wav */ = {isa = PBXFileReference; lastKnownFileType = audio.wav; path = Banana.wav; sourceTree = "<group>"; };
		212DB945248069E5000BF378 /* Swift+SpecialEffects.swift */ = {isa = PBXFileReference; lastKnownFileType = sourcecode.swift; path = "Swift+SpecialEffects.swift"; sourceTree = "<group>"; };
		212DB94724806A14000BF378 /* Swift+Gif.swift */ = {isa = PBXFileReference; lastKnownFileType = sourcecode.swift; path = "Swift+Gif.swift"; sourceTree = "<group>"; };
		212E413324D2B77400FBE319 /* StartupPageViewController.swift */ = {isa = PBXFileReference; lastKnownFileType = sourcecode.swift; path = StartupPageViewController.swift; sourceTree = "<group>"; };
		21336917257F3CB800CE7163 /* Sound.swift */ = {isa = PBXFileReference; lastKnownFileType = sourcecode.swift; path = Sound.swift; sourceTree = "<group>"; };
		2153D7A324D41A5D00466564 /* HomePageViewController.swift */ = {isa = PBXFileReference; lastKnownFileType = sourcecode.swift; path = HomePageViewController.swift; sourceTree = "<group>"; };
		215F55EB24DE62AD00FF401A /* homeGif.gif */ = {isa = PBXFileReference; lastKnownFileType = image.gif; name = homeGif.gif; path = Images/GIFS/HomeBackgroundGIF/homeGif.gif; sourceTree = SOURCE_ROOT; };
		215F55ED24DEBFEA00FF401A /* UIButtonExtension.swift */ = {isa = PBXFileReference; lastKnownFileType = sourcecode.swift; name = UIButtonExtension.swift; path = XyloLearn/View/UIButtonExtension.swift; sourceTree = SOURCE_ROOT; };
		218C8911251769BB00160605 /* PopUpViewController.swift */ = {isa = PBXFileReference; lastKnownFileType = sourcecode.swift; name = PopUpViewController.swift; path = XyloLearn/View/PopUpViewController.swift; sourceTree = SOURCE_ROOT; };
		218C8913251888DD00160605 /* ImageSizeExtension.swift */ = {isa = PBXFileReference; lastKnownFileType = sourcecode.swift; name = ImageSizeExtension.swift; path = XyloLearn/Controllers/ImageSizeExtension.swift; sourceTree = SOURCE_ROOT; };
		219569D024F23C300055D2DE /* xyloViewController.swift */ = {isa = PBXFileReference; lastKnownFileType = sourcecode.swift; name = xyloViewController.swift; path = XyloLearn/View/xyloViewController.swift; sourceTree = SOURCE_ROOT; };
		219569D224F677A60055D2DE /* xyloLaunchScreen.storyboard */ = {isa = PBXFileReference; lastKnownFileType = file.storyboard; path = xyloLaunchScreen.storyboard; sourceTree = "<group>"; };
		21AC01912550EE9F00973AF5 /* A.wav */ = {isa = PBXFileReference; lastKnownFileType = audio.wav; path = A.wav; sourceTree = "<group>"; };
		21AC01922550EE9F00973AF5 /* C.wav */ = {isa = PBXFileReference; lastKnownFileType = audio.wav; path = C.wav; sourceTree = "<group>"; };
		21AC01932550EE9F00973AF5 /* B.wav */ = {isa = PBXFileReference; lastKnownFileType = audio.wav; path = B.wav; sourceTree = "<group>"; };
		21AC01942550EE9F00973AF5 /* F.wav */ = {isa = PBXFileReference; lastKnownFileType = audio.wav; path = F.wav; sourceTree = "<group>"; };
		21AC01952550EE9F00973AF5 /* G.wav */ = {isa = PBXFileReference; lastKnownFileType = audio.wav; path = G.wav; sourceTree = "<group>"; };
		21AC01962550EE9F00973AF5 /* E.wav */ = {isa = PBXFileReference; lastKnownFileType = audio.wav; path = E.wav; sourceTree = "<group>"; };
		21AC01972550EE9F00973AF5 /* D.wav */ = {isa = PBXFileReference; lastKnownFileType = audio.wav; path = D.wav; sourceTree = "<group>"; };
		21AC01A1255623FA00973AF5 /* animatedDog.gif */ = {isa = PBXFileReference; lastKnownFileType = image.gif; name = animatedDog.gif; path = Images/GIFS/Animals/animatedDog.gif; sourceTree = SOURCE_ROOT; };
		21AC01A32563421D00973AF5 /* animatedHeart.gif */ = {isa = PBXFileReference; lastKnownFileType = image.gif; name = animatedHeart.gif; path = Images/GIFS/Shapes/animatedHeart.gif; sourceTree = SOURCE_ROOT; };
		21AC01A42563421D00973AF5 /* animatedStar.gif */ = {isa = PBXFileReference; lastKnownFileType = image.gif; name = animatedStar.gif; path = Images/GIFS/Shapes/animatedStar.gif; sourceTree = SOURCE_ROOT; };
		21AC01A52563421E00973AF5 /* animatedSquare.gif */ = {isa = PBXFileReference; lastKnownFileType = image.gif; name = animatedSquare.gif; path = Images/GIFS/Shapes/animatedSquare.gif; sourceTree = SOURCE_ROOT; };
		21AC01A62563421E00973AF5 /* animatedCircle.gif */ = {isa = PBXFileReference; lastKnownFileType = image.gif; name = animatedCircle.gif; path = Images/GIFS/Shapes/animatedCircle.gif; sourceTree = SOURCE_ROOT; };
		21AC01A72563421E00973AF5 /* animatedRectangle.gif */ = {isa = PBXFileReference; lastKnownFileType = image.gif; name = animatedRectangle.gif; path = Images/GIFS/Shapes/animatedRectangle.gif; sourceTree = SOURCE_ROOT; };
		21AC01A82563421E00973AF5 /* animatedTriangle.gif */ = {isa = PBXFileReference; lastKnownFileType = image.gif; name = animatedTriangle.gif; path = Images/GIFS/Shapes/animatedTriangle.gif; sourceTree = SOURCE_ROOT; };
		21AC01A92563421E00973AF5 /* animatedOval.gif */ = {isa = PBXFileReference; lastKnownFileType = image.gif; name = animatedOval.gif; path = Images/GIFS/Shapes/animatedOval.gif; sourceTree = SOURCE_ROOT; };
		21AC01B12563423500973AF5 /* animated6.gif */ = {isa = PBXFileReference; lastKnownFileType = image.gif; name = animated6.gif; path = Images/GIFS/Numbers/animated6.gif; sourceTree = SOURCE_ROOT; };
		21AC01B22563423500973AF5 /* animated5.gif */ = {isa = PBXFileReference; lastKnownFileType = image.gif; name = animated5.gif; path = Images/GIFS/Numbers/animated5.gif; sourceTree = SOURCE_ROOT; };
		21AC01B32563423500973AF5 /* animated3.gif */ = {isa = PBXFileReference; lastKnownFileType = image.gif; name = animated3.gif; path = Images/GIFS/Numbers/animated3.gif; sourceTree = SOURCE_ROOT; };
		21AC01B42563423500973AF5 /* animated1.gif */ = {isa = PBXFileReference; lastKnownFileType = image.gif; name = animated1.gif; path = Images/GIFS/Numbers/animated1.gif; sourceTree = SOURCE_ROOT; };
		21AC01B52563423500973AF5 /* animated4.gif */ = {isa = PBXFileReference; lastKnownFileType = image.gif; name = animated4.gif; path = Images/GIFS/Numbers/animated4.gif; sourceTree = SOURCE_ROOT; };
		21AC01B62563423500973AF5 /* animated2.gif */ = {isa = PBXFileReference; lastKnownFileType = image.gif; name = animated2.gif; path = Images/GIFS/Numbers/animated2.gif; sourceTree = SOURCE_ROOT; };
		21AC01B72563423500973AF5 /* animated7.gif */ = {isa = PBXFileReference; lastKnownFileType = image.gif; name = animated7.gif; path = Images/GIFS/Numbers/animated7.gif; sourceTree = SOURCE_ROOT; };
		21AC01BF2563443000973AF5 /* ShapesViewController.swift */ = {isa = PBXFileReference; lastKnownFileType = sourcecode.swift; name = ShapesViewController.swift; path = XyloLearn/View/ShapesViewController.swift; sourceTree = SOURCE_ROOT; };
		21AC01C1256344F500973AF5 /* NumbersViewController.swift */ = {isa = PBXFileReference; lastKnownFileType = sourcecode.swift; name = NumbersViewController.swift; path = XyloLearn/View/NumbersViewController.swift; sourceTree = SOURCE_ROOT; };
		21DEEEB62480605F00CDE4E0 /* XyloLearn.app */ = {isa = PBXFileReference; explicitFileType = wrapper.application; includeInIndex = 0; path = XyloLearn.app; sourceTree = BUILT_PRODUCTS_DIR; };
		21DEEEB92480605F00CDE4E0 /* AppDelegate.swift */ = {isa = PBXFileReference; lastKnownFileType = sourcecode.swift; path = AppDelegate.swift; sourceTree = "<group>"; };
		21DEEEBB2480605F00CDE4E0 /* SceneDelegate.swift */ = {isa = PBXFileReference; lastKnownFileType = sourcecode.swift; path = SceneDelegate.swift; sourceTree = "<group>"; };
		21DEEEBD2480605F00CDE4E0 /* ColorsViewController.swift */ = {isa = PBXFileReference; lastKnownFileType = sourcecode.swift; path = ColorsViewController.swift; sourceTree = "<group>"; };
		21DEEEC02480605F00CDE4E0 /* Base */ = {isa = PBXFileReference; lastKnownFileType = file.storyboard; name = Base; path = Base.lproj/Main.storyboard; sourceTree = "<group>"; };
		21DEEEC22480606200CDE4E0 /* Assets.xcassets */ = {isa = PBXFileReference; lastKnownFileType = folder.assetcatalog; path = Assets.xcassets; sourceTree = "<group>"; };
		21DEEEC72480606200CDE4E0 /* Info.plist */ = {isa = PBXFileReference; lastKnownFileType = text.plist.xml; path = Info.plist; sourceTree = "<group>"; };
		21DEEECD2480624500CDE4E0 /* VegetablesViewController.swift */ = {isa = PBXFileReference; lastKnownFileType = sourcecode.swift; path = VegetablesViewController.swift; sourceTree = "<group>"; };
		21DEEECF2480632C00CDE4E0 /* FruitsViewController.swift */ = {isa = PBXFileReference; lastKnownFileType = sourcecode.swift; path = FruitsViewController.swift; sourceTree = "<group>"; };
		21DEEED12480639B00CDE4E0 /* AnimalsViewController.swift */ = {isa = PBXFileReference; lastKnownFileType = sourcecode.swift; path = AnimalsViewController.swift; sourceTree = "<group>"; };
		21E3A4E125901922000DE13E /* Seven.wav */ = {isa = PBXFileReference; lastKnownFileType = audio.wav; path = Seven.wav; sourceTree = "<group>"; };
		21E3A4E225901922000DE13E /* Star.wav */ = {isa = PBXFileReference; lastKnownFileType = audio.wav; path = Star.wav; sourceTree = "<group>"; };
		21E3A4E325901922000DE13E /* Three.wav */ = {isa = PBXFileReference; lastKnownFileType = audio.wav; path = Three.wav; sourceTree = "<group>"; };
		21E3A4E425901922000DE13E /* Triangle.wav */ = {isa = PBXFileReference; lastKnownFileType = audio.wav; path = Triangle.wav; sourceTree = "<group>"; };
		21E3A4E525901922000DE13E /* Circle.wav */ = {isa = PBXFileReference; lastKnownFileType = audio.wav; path = Circle.wav; sourceTree = "<group>"; };
		21E3A4E625901922000DE13E /* Six.wav */ = {isa = PBXFileReference; lastKnownFileType = audio.wav; path = Six.wav; sourceTree = "<group>"; };
		21E3A4E725901922000DE13E /* Five.wav */ = {isa = PBXFileReference; lastKnownFileType = audio.wav; path = Five.wav; sourceTree = "<group>"; };
		21E3A4E825901922000DE13E /* Four.wav */ = {isa = PBXFileReference; lastKnownFileType = audio.wav; path = Four.wav; sourceTree = "<group>"; };
		21E3A4E925901922000DE13E /* Oval.wav */ = {isa = PBXFileReference; lastKnownFileType = audio.wav; path = Oval.wav; sourceTree = "<group>"; };
		21E3A4EA25901922000DE13E /* Square.wav */ = {isa = PBXFileReference; lastKnownFileType = audio.wav; path = Square.wav; sourceTree = "<group>"; };
		21E3A4EB25901922000DE13E /* Two.wav */ = {isa = PBXFileReference; lastKnownFileType = audio.wav; path = Two.wav; sourceTree = "<group>"; };
		21E3A4EC25901922000DE13E /* One.wav */ = {isa = PBXFileReference; lastKnownFileType = audio.wav; path = One.wav; sourceTree = "<group>"; };
		21E3A4ED25901922000DE13E /* Heart.wav */ = {isa = PBXFileReference; lastKnownFileType = audio.wav; path = Heart.wav; sourceTree = "<group>"; };
		21E3A4EE25901922000DE13E /* Rectangle.wav */ = {isa = PBXFileReference; lastKnownFileType = audio.wav; path = Rectangle.wav; sourceTree = "<group>"; };
		21E3A5222591A1E4000DE13E /* 2.gif */ = {isa = PBXFileReference; lastKnownFileType = image.gif; path = 2.gif; sourceTree = "<group>"; };
		21E3A5232591A1E4000DE13E /* 1.gif */ = {isa = PBXFileReference; lastKnownFileType = image.gif; path = 1.gif; sourceTree = "<group>"; };
		21E3A5242591A1E4000DE13E /* 3.gif */ = {isa = PBXFileReference; lastKnownFileType = image.gif; path = 3.gif; sourceTree = "<group>"; };
		21E3A5252591A1E4000DE13E /* instructions.gif */ = {isa = PBXFileReference; lastKnownFileType = image.gif; path = instructions.gif; sourceTree = "<group>"; };
		21E3A5262591A1E4000DE13E /* 6.gif */ = {isa = PBXFileReference; lastKnownFileType = image.gif; path = 6.gif; sourceTree = "<group>"; };
		21E3A5272591A1E4000DE13E /* 5.gif */ = {isa = PBXFileReference; lastKnownFileType = image.gif; path = 5.gif; sourceTree = "<group>"; };
		21E3A5282591A1E4000DE13E /* 7.gif */ = {isa = PBXFileReference; lastKnownFileType = image.gif; path = 7.gif; sourceTree = "<group>"; };
		21E3A5292591A1E4000DE13E /* 4.gif */ = {isa = PBXFileReference; lastKnownFileType = image.gif; path = 4.gif; sourceTree = "<group>"; };
		21E3A5332591C328000DE13E /* Blue1.wav */ = {isa = PBXFileReference; lastKnownFileType = audio.wav; path = Blue1.wav; sourceTree = "<group>"; };
		21E3A5342591C328000DE13E /* Yellow.wav */ = {isa = PBXFileReference; lastKnownFileType = audio.wav; path = Yellow.wav; sourceTree = "<group>"; };
		21E3A5352591C328000DE13E /* Red.wav */ = {isa = PBXFileReference; lastKnownFileType = audio.wav; path = Red.wav; sourceTree = "<group>"; };
		21E3A5362591C328000DE13E /* Orange.wav */ = {isa = PBXFileReference; lastKnownFileType = audio.wav; path = Orange.wav; sourceTree = "<group>"; };
		21E3A5372591C328000DE13E /* Green3.wav */ = {isa = PBXFileReference; lastKnownFileType = audio.wav; path = Green3.wav; sourceTree = "<group>"; };
		21E3A5382591C328000DE13E /* Pink.wav */ = {isa = PBXFileReference; lastKnownFileType = audio.wav; path = Pink.wav; sourceTree = "<group>"; };
		21EBF0792534039B00516C44 /* blue.gif */ = {isa = PBXFileReference; lastKnownFileType = image.gif; path = blue.gif; sourceTree = "<group>"; };
		21EBF07A2534039B00516C44 /* pink.gif */ = {isa = PBXFileReference; lastKnownFileType = image.gif; path = pink.gif; sourceTree = "<group>"; };
		21EBF07B2534039B00516C44 /* red zigzag.gif */ = {isa = PBXFileReference; lastKnownFileType = image.gif; path = "red zigzag.gif"; sourceTree = "<group>"; };
		21EBF07C2534039C00516C44 /* lightblue.gif */ = {isa = PBXFileReference; lastKnownFileType = image.gif; path = lightblue.gif; sourceTree = "<group>"; };
		21EBF07D2534039C00516C44 /* orange.gif */ = {isa = PBXFileReference; lastKnownFileType = image.gif; path = orange.gif; sourceTree = "<group>"; };
		21EBF07E2534039C00516C44 /* green.gif */ = {isa = PBXFileReference; lastKnownFileType = image.gif; path = green.gif; sourceTree = "<group>"; };
		21EBF07F2534039C00516C44 /* yellow.gif */ = {isa = PBXFileReference; lastKnownFileType = image.gif; path = yellow.gif; sourceTree = "<group>"; };
		21EBF0802534039C00516C44 /* redheart.gif */ = {isa = PBXFileReference; lastKnownFileType = image.gif; path = redheart.gif; sourceTree = "<group>"; };
		21EBF0812534039D00516C44 /* purple.gif */ = {isa = PBXFileReference; lastKnownFileType = image.gif; path = purple.gif; sourceTree = "<group>"; };
/* End PBXFileReference section */

/* Begin PBXFrameworksBuildPhase section */
		21DEEEB32480605F00CDE4E0 /* Frameworks */ = {
			isa = PBXFrameworksBuildPhase;
			buildActionMask = 2147483647;
			files = (
			);
			runOnlyForDeploymentPostprocessing = 0;
		};
/* End PBXFrameworksBuildPhase section */

/* Begin PBXGroup section */
		212DB941248068BD000BF378 /* View */ = {
			isa = PBXGroup;
			children = (
				21DEEEBF2480605F00CDE4E0 /* Main.storyboard */,
				219569D224F677A60055D2DE /* xyloLaunchScreen.storyboard */,
			);
			path = View;
			sourceTree = "<group>";
		};
		212DB94424806959000BF378 /* Extensions */ = {
			isa = PBXGroup;
			children = (
				218C8913251888DD00160605 /* ImageSizeExtension.swift */,
				21336917257F3CB800CE7163 /* Sound.swift */,
				215F55ED24DEBFEA00FF401A /* UIButtonExtension.swift */,
				212DB945248069E5000BF378 /* Swift+SpecialEffects.swift */,
				212DB94724806A14000BF378 /* Swift+Gif.swift */,
			);
			path = Extensions;
			sourceTree = "<group>";
		};
		212DB94B24806F16000BF378 /* Animated Images */ = {
			isa = PBXGroup;
			children = (
				21E3A5232591A1E4000DE13E /* 1.gif */,
				21E3A5222591A1E4000DE13E /* 2.gif */,
				21E3A5242591A1E4000DE13E /* 3.gif */,
				21E3A5292591A1E4000DE13E /* 4.gif */,
				21E3A5272591A1E4000DE13E /* 5.gif */,
				21E3A5262591A1E4000DE13E /* 6.gif */,
				21E3A5282591A1E4000DE13E /* 7.gif */,
				21E3A5252591A1E4000DE13E /* instructions.gif */,
				21EBF0792534039B00516C44 /* blue.gif */,
				21EBF07E2534039C00516C44 /* green.gif */,
				21AC01A1255623FA00973AF5 /* animatedDog.gif */,
				21EBF07C2534039C00516C44 /* lightblue.gif */,
				21EBF07D2534039C00516C44 /* orange.gif */,
				21EBF07A2534039B00516C44 /* pink.gif */,
				21EBF0812534039D00516C44 /* purple.gif */,
				21EBF07B2534039B00516C44 /* red zigzag.gif */,
				21EBF0802534039C00516C44 /* redheart.gif */,
				21EBF07F2534039C00516C44 /* yellow.gif */,
				215F55EB24DE62AD00FF401A /* homeGif.gif */,
				210ADFBC24A357360054E861 /* animatedApple.gif */,
				21AC01A62563421E00973AF5 /* animatedCircle.gif */,
				21AC01A32563421D00973AF5 /* animatedHeart.gif */,
				21AC01B42563423500973AF5 /* animated1.gif */,
				21AC01B62563423500973AF5 /* animated2.gif */,
				21AC01B32563423500973AF5 /* animated3.gif */,
				21AC01B52563423500973AF5 /* animated4.gif */,
				21AC01B22563423500973AF5 /* animated5.gif */,
				21AC01B12563423500973AF5 /* animated6.gif */,
				21AC01B72563423500973AF5 /* animated7.gif */,
				21AC01A92563421E00973AF5 /* animatedOval.gif */,
				21AC01A72563421E00973AF5 /* animatedRectangle.gif */,
				21AC01A52563421E00973AF5 /* animatedSquare.gif */,
				21AC01A42563421D00973AF5 /* animatedStar.gif */,
				21AC01A82563421E00973AF5 /* animatedTriangle.gif */,
				210ADFC024A357370054E861 /* animatedBanana.gif */,
				210ADFBF24A357370054E861 /* animatedGrapes.gif */,
				210ADFC224A357370054E861 /* animatedOrange.gif */,
				210ADFBD24A357360054E861 /* animatedPear.gif */,
				210ADFBE24A357370054E861 /* animatedStrawberry.gif */,
				210ADFC124A357370054E861 /* animatedWatermelon.gif */,
				210ADFCA24A357490054E861 /* animatedBroccoli.gif */,
				210ADFCC24A357490054E861 /* animatedCapsicum.gif */,
				210ADFCD24A3574A0054E861 /* animatedCarrot.gif */,
				210ADFCE24A3574A0054E861 /* animatedMushroom.gif */,
				210ADFD024A3574A0054E861 /* animatedPeas.gif */,
				210ADFCB24A357490054E861 /* animatedPotato.gif */,
				210ADFCF24A3574A0054E861 /* animatedPumpkin.gif */,
				210ADFDC24A357580054E861 /* animatedBunny.gif */,
				210ADFD924A357580054E861 /* animatedCat.gif */,
				210ADFDB24A357580054E861 /* animatedFish.gif */,
				210ADFDD24A357580054E861 /* animatedFrog.gif */,
				210ADFDE24A357580054E861 /* animatedGoat.gif */,
				210ADFDA24A357580054E861 /* animatedKangaroo.gif */,
				210ADFD824A357580054E861 /* animatedLion.gif */,
			);
			path = "Animated Images";
			sourceTree = "<group>";
		};
		21AC01902550EE9F00973AF5 /* Sounds */ = {
			isa = PBXGroup;
			children = (
				21E3A5332591C328000DE13E /* Blue1.wav */,
				21E3A5372591C328000DE13E /* Green3.wav */,
				21E3A5362591C328000DE13E /* Orange.wav */,
				21E3A5382591C328000DE13E /* Pink.wav */,
				21E3A5352591C328000DE13E /* Red.wav */,
				21E3A5342591C328000DE13E /* Yellow.wav */,
				21E3A4E525901922000DE13E /* Circle.wav */,
				21E3A4E725901922000DE13E /* Five.wav */,
				21E3A4E825901922000DE13E /* Four.wav */,
				21E3A4ED25901922000DE13E /* Heart.wav */,
				21E3A4EC25901922000DE13E /* One.wav */,
				21E3A4E925901922000DE13E /* Oval.wav */,
				21E3A4EE25901922000DE13E /* Rectangle.wav */,
				21E3A4E125901922000DE13E /* Seven.wav */,
				21E3A4E625901922000DE13E /* Six.wav */,
				21E3A4EA25901922000DE13E /* Square.wav */,
				21E3A4E225901922000DE13E /* Star.wav */,
				21E3A4E325901922000DE13E /* Three.wav */,
				21E3A4E425901922000DE13E /* Triangle.wav */,
				21E3A4EB25901922000DE13E /* Two.wav */,
				2118D6552575E28600A373D2 /* Blue.wav */,
				2118D6582575E28600A373D2 /* Green1.wav */,
				2118D6562575E28600A373D2 /* Bunny.wav */,
				2118D65C2575E28600A373D2 /* Cat.wav */,
				2118D65D2575E28700A373D2 /* Dog.wav */,
				2118D6512575E28500A373D2 /* Fish1.wav */,
				2118D64E2575DD9600A373D2 /* Fish.wav */,
				2118D6522575E28500A373D2 /* Frog.wav */,
				2118D6612575E28700A373D2 /* Kangaroo.wav */,
				2118D6642575E28700A373D2 /* Goat.wav */,
				2118D6572575E28600A373D2 /* Lion.wav */,
				2118D6662575E28800A373D2 /* Monkey.wav */,
				2118D6542575E28600A373D2 /* Mushroom.wav */,
				2118D6682575E28800A373D2 /* Broccoli.wav */,
				2118D66A2575E28800A373D2 /* Capsicum.wav */,
				2118D65B2575E28600A373D2 /* Peas.wav */,
				2118D64B2575DD3900A373D2 /* Apple1.wav */,
				2118D6532575E28600A373D2 /* Apple2.wav */,
				2118D66D2575E28800A373D2 /* Banana.wav */,
				2118D65E2575E28700A373D2 /* Grape.wav */,
				2118D6602575E28700A373D2 /* Grape1.wav */,
				2118D6692575E28800A373D2 /* Kiwi.wav */,
				2118D6652575E28700A373D2 /* Orange1.wav */,
				2118D6632575E28700A373D2 /* Orange2.wav */,
				2118D65A2575E28600A373D2 /* Pear1.wav */,
				2118D65F2575E28700A373D2 /* Pear2.wav */,
				2118D66B2575E28800A373D2 /* Strawberry1.wav */,
				2118D66C2575E28800A373D2 /* Strawberry2.wav */,
				2118D6592575E28600A373D2 /* Xylolearn.wav */,
				21AC01912550EE9F00973AF5 /* A.wav */,
				21AC01922550EE9F00973AF5 /* C.wav */,
				21AC01932550EE9F00973AF5 /* B.wav */,
				21AC01942550EE9F00973AF5 /* F.wav */,
				21AC01952550EE9F00973AF5 /* G.wav */,
				21AC01962550EE9F00973AF5 /* E.wav */,
				21AC01972550EE9F00973AF5 /* D.wav */,
			);
			path = Sounds;
			sourceTree = "<group>";
		};
		21DEEEAD2480605F00CDE4E0 = {
			isa = PBXGroup;
			children = (
				21DEEEB82480605F00CDE4E0 /* XyloLearn */,
				21DEEEB72480605F00CDE4E0 /* Products */,
			);
			sourceTree = "<group>";
		};
		21DEEEB72480605F00CDE4E0 /* Products */ = {
			isa = PBXGroup;
			children = (
				21DEEEB62480605F00CDE4E0 /* XyloLearn.app */,
			);
			name = Products;
			sourceTree = "<group>";
		};
		21DEEEB82480605F00CDE4E0 /* XyloLearn */ = {
			isa = PBXGroup;
			children = (
				21DEEEB92480605F00CDE4E0 /* AppDelegate.swift */,
				21DEEEBB2480605F00CDE4E0 /* SceneDelegate.swift */,
				212DB941248068BD000BF378 /* View */,
				21DEEED32480640100CDE4E0 /* Controllers */,
				212DB94B24806F16000BF378 /* Animated Images */,
				21DEEEC22480606200CDE4E0 /* Assets.xcassets */,
				21DEEEC72480606200CDE4E0 /* Info.plist */,
				21AC01902550EE9F00973AF5 /* Sounds */,
			);
			path = XyloLearn;
			sourceTree = "<group>";
		};
		21DEEED32480640100CDE4E0 /* Controllers */ = {
			isa = PBXGroup;
			children = (
				218C8911251769BB00160605 /* PopUpViewController.swift */,
				219569D024F23C300055D2DE /* xyloViewController.swift */,
				2153D7A324D41A5D00466564 /* HomePageViewController.swift */,
				212E413324D2B77400FBE319 /* StartupPageViewController.swift */,
				21AC01C1256344F500973AF5 /* NumbersViewController.swift */,
				21AC01BF2563443000973AF5 /* ShapesViewController.swift */,
				21DEEEBD2480605F00CDE4E0 /* ColorsViewController.swift */,
				21DEEECF2480632C00CDE4E0 /* FruitsViewController.swift */,
				21DEEECD2480624500CDE4E0 /* VegetablesViewController.swift */,
				21DEEED12480639B00CDE4E0 /* AnimalsViewController.swift */,
				212DB94424806959000BF378 /* Extensions */,
			);
			path = Controllers;
			sourceTree = "<group>";
		};
/* End PBXGroup section */

/* Begin PBXNativeTarget section */
		21DEEEB52480605F00CDE4E0 /* XyloLearn */ = {
			isa = PBXNativeTarget;
			buildConfigurationList = 21DEEECA2480606200CDE4E0 /* Build configuration list for PBXNativeTarget "XyloLearn" */;
			buildPhases = (
				21DEEEB22480605F00CDE4E0 /* Sources */,
				21DEEEB32480605F00CDE4E0 /* Frameworks */,
				21DEEEB42480605F00CDE4E0 /* Resources */,
			);
			buildRules = (
			);
			dependencies = (
			);
			name = XyloLearn;
			productName = XyloLearn;
			productReference = 21DEEEB62480605F00CDE4E0 /* XyloLearn.app */;
			productType = "com.apple.product-type.application";
		};
/* End PBXNativeTarget section */

/* Begin PBXProject section */
		21DEEEAE2480605F00CDE4E0 /* Project object */ = {
			isa = PBXProject;
			attributes = {
				LastSwiftUpdateCheck = 1140;
				LastUpgradeCheck = 1140;
				ORGANIZATIONNAME = "Deepanshu Nautiyal";
				TargetAttributes = {
					21DEEEB52480605F00CDE4E0 = {
						CreatedOnToolsVersion = 11.4.1;
					};
				};
			};
			buildConfigurationList = 21DEEEB12480605F00CDE4E0 /* Build configuration list for PBXProject "XyloLearn" */;
			compatibilityVersion = "Xcode 9.3";
			developmentRegion = en;
			hasScannedForEncodings = 0;
			knownRegions = (
				en,
				Base,
			);
			mainGroup = 21DEEEAD2480605F00CDE4E0;
			productRefGroup = 21DEEEB72480605F00CDE4E0 /* Products */;
			projectDirPath = "";
			projectRoot = "";
			targets = (
				21DEEEB52480605F00CDE4E0 /* XyloLearn */,
			);
		};
/* End PBXProject section */

/* Begin PBXResourcesBuildPhase section */
		21DEEEB42480605F00CDE4E0 /* Resources */ = {
			isa = PBXResourcesBuildPhase;
			buildActionMask = 2147483647;
			files = (
				21EBF0892534039D00516C44 /* redheart.gif in Resources */,
				21EBF0852534039D00516C44 /* lightblue.gif in Resources */,
				210ADFD224A3574A0054E861 /* animatedPotato.gif in Resources */,
				21E3A5302591A1E4000DE13E /* 7.gif in Resources */,
				21E3A4F125901922000DE13E /* Three.wav in Resources */,
				2118D6862575E28800A373D2 /* Kiwi.wav in Resources */,
				210ADFC524A357370054E861 /* animatedStrawberry.gif in Resources */,
				21E3A4FC25901922000DE13E /* Rectangle.wav in Resources */,
				21AC01B92563423500973AF5 /* animated5.gif in Resources */,
				21AC019A2550EE9F00973AF5 /* B.wav in Resources */,
				210ADFE524A357580054E861 /* animatedGoat.gif in Resources */,
				210ADFD724A3574A0054E861 /* animatedPeas.gif in Resources */,
				2118D6702575E28800A373D2 /* Apple2.wav in Resources */,
				2118D67D2575E28800A373D2 /* Grape1.wav in Resources */,
				210ADFD324A3574A0054E861 /* animatedCapsicum.gif in Resources */,
				210ADFC824A357370054E861 /* animatedWatermelon.gif in Resources */,
				21AC01AB2563421E00973AF5 /* animatedStar.gif in Resources */,
				21E3A4F025901922000DE13E /* Star.wav in Resources */,
				2118D6722575E28800A373D2 /* Blue.wav in Resources */,
				210ADFD124A3574A0054E861 /* animatedBroccoli.gif in Resources */,
				21E3A4F425901922000DE13E /* Six.wav in Resources */,
				2118D6712575E28800A373D2 /* Mushroom.wav in Resources */,
				2118D6762575E28800A373D2 /* Xylolearn.wav in Resources */,
				21EBF0882534039D00516C44 /* yellow.gif in Resources */,
				21E3A4F825901922000DE13E /* Square.wav in Resources */,
				210ADFC724A357370054E861 /* animatedBanana.gif in Resources */,
				2118D6822575E28800A373D2 /* Orange1.wav in Resources */,
				21AC019C2550EE9F00973AF5 /* G.wav in Resources */,
				2118D67C2575E28800A373D2 /* Pear2.wav in Resources */,
				21E3A4F325901922000DE13E /* Circle.wav in Resources */,
				21EBF08A2534039D00516C44 /* purple.gif in Resources */,
				21AC01BB2563423500973AF5 /* animated1.gif in Resources */,
				21E3A5392591C328000DE13E /* Blue1.wav in Resources */,
				2118D67A2575E28800A373D2 /* Dog.wav in Resources */,
				21E3A52E2591A1E4000DE13E /* 6.gif in Resources */,
				21AC01992550EE9F00973AF5 /* C.wav in Resources */,
				21AC01AA2563421E00973AF5 /* animatedHeart.gif in Resources */,
				219569D324F677A60055D2DE /* xyloLaunchScreen.storyboard in Resources */,
				2118D6892575E28800A373D2 /* Strawberry2.wav in Resources */,
				2118D6812575E28800A373D2 /* Goat.wav in Resources */,
				21DEEEC32480606200CDE4E0 /* Assets.xcassets in Resources */,
				210ADFE124A357580054E861 /* animatedKangaroo.gif in Resources */,
				210ADFE324A357580054E861 /* animatedBunny.gif in Resources */,
				210ADFD524A3574A0054E861 /* animatedMushroom.gif in Resources */,
				21EBF0832534039D00516C44 /* pink.gif in Resources */,
				21E3A53E2591C328000DE13E /* Pink.wav in Resources */,
				2118D6882575E28800A373D2 /* Strawberry1.wav in Resources */,
				2118D68A2575E28800A373D2 /* Banana.wav in Resources */,
				210ADFC324A357370054E861 /* animatedApple.gif in Resources */,
				2118D6772575E28800A373D2 /* Pear1.wav in Resources */,
				2118D67E2575E28800A373D2 /* Kangaroo.wav in Resources */,
				21E3A52B2591A1E4000DE13E /* 1.gif in Resources */,
				21E3A52F2591A1E4000DE13E /* 5.gif in Resources */,
				21E3A4F725901922000DE13E /* Oval.wav in Resources */,
				210ADFE024A357580054E861 /* animatedCat.gif in Resources */,
				2118D6792575E28800A373D2 /* Cat.wav in Resources */,
				21E3A4F625901922000DE13E /* Four.wav in Resources */,
				21AC01BE2563423500973AF5 /* animated7.gif in Resources */,
				21AC01BD2563423500973AF5 /* animated2.gif in Resources */,
				21EBF0822534039D00516C44 /* blue.gif in Resources */,
				21EBF0862534039D00516C44 /* orange.gif in Resources */,
				21E3A4F225901922000DE13E /* Triangle.wav in Resources */,
				210ADFC624A357370054E861 /* animatedGrapes.gif in Resources */,
				21E3A52A2591A1E4000DE13E /* 2.gif in Resources */,
				21AC019B2550EE9F00973AF5 /* F.wav in Resources */,
				210ADFD424A3574A0054E861 /* animatedCarrot.gif in Resources */,
				21E3A53A2591C328000DE13E /* Yellow.wav in Resources */,
				2118D66F2575E28800A373D2 /* Frog.wav in Resources */,
				210ADFC924A357370054E861 /* animatedOrange.gif in Resources */,
				21E3A4F525901922000DE13E /* Five.wav in Resources */,
				2118D6732575E28800A373D2 /* Bunny.wav in Resources */,
				21E3A5312591A1E4000DE13E /* 4.gif in Resources */,
				21EBF0842534039D00516C44 /* red zigzag.gif in Resources */,
				21E3A4FB25901922000DE13E /* Heart.wav in Resources */,
				2118D6752575E28800A373D2 /* Green1.wav in Resources */,
				21AC019D2550EE9F00973AF5 /* E.wav in Resources */,
				21E3A4F925901922000DE13E /* Two.wav in Resources */,
				2118D6852575E28800A373D2 /* Broccoli.wav in Resources */,
				21AC01AF2563421E00973AF5 /* animatedTriangle.gif in Resources */,
				21E3A52D2591A1E4000DE13E /* instructions.gif in Resources */,
				21E3A4EF25901922000DE13E /* Seven.wav in Resources */,
				21E3A53D2591C328000DE13E /* Green3.wav in Resources */,
				21AC01B82563423500973AF5 /* animated6.gif in Resources */,
				21E3A53C2591C328000DE13E /* Orange.wav in Resources */,
				2118D6782575E28800A373D2 /* Peas.wav in Resources */,
				21AC01B02563421E00973AF5 /* animatedOval.gif in Resources */,
				21AC019E2550EE9F00973AF5 /* D.wav in Resources */,
				21AC01AC2563421E00973AF5 /* animatedSquare.gif in Resources */,
				21AC01BC2563423500973AF5 /* animated4.gif in Resources */,
				21DEEEC12480605F00CDE4E0 /* Main.storyboard in Resources */,
				215F55EC24DE62AD00FF401A /* homeGif.gif in Resources */,
				21AC01A2255623FA00973AF5 /* animatedDog.gif in Resources */,
				2118D66E2575E28800A373D2 /* Fish1.wav in Resources */,
				21AC01982550EE9F00973AF5 /* A.wav in Resources */,
				21AC01BA2563423500973AF5 /* animated3.gif in Resources */,
				21E3A53B2591C328000DE13E /* Red.wav in Resources */,
				210ADFE424A357580054E861 /* animatedFrog.gif in Resources */,
				210ADFDF24A357580054E861 /* animatedLion.gif in Resources */,
				2118D6802575E28800A373D2 /* Orange2.wav in Resources */,
				2118D67B2575E28800A373D2 /* Grape.wav in Resources */,
				210ADFE224A357580054E861 /* animatedFish.gif in Resources */,
				2118D6742575E28800A373D2 /* Lion.wav in Resources */,
				21AC01AE2563421E00973AF5 /* animatedRectangle.gif in Resources */,
				2118D6872575E28800A373D2 /* Capsicum.wav in Resources */,
				210ADFD624A3574A0054E861 /* animatedPumpkin.gif in Resources */,
				2118D64F2575DD9600A373D2 /* Fish.wav in Resources */,
				21AC01AD2563421E00973AF5 /* animatedCircle.gif in Resources */,
				21EBF0872534039D00516C44 /* green.gif in Resources */,
				2118D64C2575DD3900A373D2 /* Apple1.wav in Resources */,
				21E3A4FA25901922000DE13E /* One.wav in Resources */,
				2118D6832575E28800A373D2 /* Monkey.wav in Resources */,
				21E3A52C2591A1E4000DE13E /* 3.gif in Resources */,
				210ADFC424A357370054E861 /* animatedPear.gif in Resources */,
			);
			runOnlyForDeploymentPostprocessing = 0;
		};
/* End PBXResourcesBuildPhase section */

/* Begin PBXSourcesBuildPhase section */
		21DEEEB22480605F00CDE4E0 /* Sources */ = {
			isa = PBXSourcesBuildPhase;
			buildActionMask = 2147483647;
			files = (
				2153D7A424D41A5D00466564 /* HomePageViewController.swift in Sources */,
				21AC01C2256344F500973AF5 /* NumbersViewController.swift in Sources */,
				215F55EE24DEBFEA00FF401A /* UIButtonExtension.swift in Sources */,
				219569D124F23C300055D2DE /* xyloViewController.swift in Sources */,
				212DB94824806A14000BF378 /* Swift+Gif.swift in Sources */,
				21336918257F3CB800CE7163 /* Sound.swift in Sources */,
				21DEEEBE2480605F00CDE4E0 /* ColorsViewController.swift in Sources */,
				212E413424D2B77400FBE319 /* StartupPageViewController.swift in Sources */,
				212DB946248069E5000BF378 /* Swift+SpecialEffects.swift in Sources */,
				218C8912251769BB00160605 /* PopUpViewController.swift in Sources */,
				218C8914251888DD00160605 /* ImageSizeExtension.swift in Sources */,
				21DEEED02480632C00CDE4E0 /* FruitsViewController.swift in Sources */,
				21AC01C02563443000973AF5 /* ShapesViewController.swift in Sources */,
				21DEEED22480639B00CDE4E0 /* AnimalsViewController.swift in Sources */,
				21DEEEBA2480605F00CDE4E0 /* AppDelegate.swift in Sources */,
				21DEEECE2480624500CDE4E0 /* VegetablesViewController.swift in Sources */,
				21DEEEBC2480605F00CDE4E0 /* SceneDelegate.swift in Sources */,
			);
			runOnlyForDeploymentPostprocessing = 0;
		};
/* End PBXSourcesBuildPhase section */

/* Begin PBXVariantGroup section */
		21DEEEBF2480605F00CDE4E0 /* Main.storyboard */ = {
			isa = PBXVariantGroup;
			children = (
				21DEEEC02480605F00CDE4E0 /* Base */,
			);
			name = Main.storyboard;
			sourceTree = "<group>";
		};
/* End PBXVariantGroup section */

/* Begin XCBuildConfiguration section */
		21DEEEC82480606200CDE4E0 /* Debug */ = {
			isa = XCBuildConfiguration;
			buildSettings = {
				ALWAYS_SEARCH_USER_PATHS = NO;
				CLANG_ANALYZER_NONNULL = YES;
				CLANG_ANALYZER_NUMBER_OBJECT_CONVERSION = YES_AGGRESSIVE;
				CLANG_CXX_LANGUAGE_STANDARD = "gnu++14";
				CLANG_CXX_LIBRARY = "libc++";
				CLANG_ENABLE_MODULES = YES;
				CLANG_ENABLE_OBJC_ARC = YES;
				CLANG_ENABLE_OBJC_WEAK = YES;
				CLANG_WARN_BLOCK_CAPTURE_AUTORELEASING = YES;
				CLANG_WARN_BOOL_CONVERSION = YES;
				CLANG_WARN_COMMA = YES;
				CLANG_WARN_CONSTANT_CONVERSION = YES;
				CLANG_WARN_DEPRECATED_OBJC_IMPLEMENTATIONS = YES;
				CLANG_WARN_DIRECT_OBJC_ISA_USAGE = YES_ERROR;
				CLANG_WARN_DOCUMENTATION_COMMENTS = YES;
				CLANG_WARN_EMPTY_BODY = YES;
				CLANG_WARN_ENUM_CONVERSION = YES;
				CLANG_WARN_INFINITE_RECURSION = YES;
				CLANG_WARN_INT_CONVERSION = YES;
				CLANG_WARN_NON_LITERAL_NULL_CONVERSION = YES;
				CLANG_WARN_OBJC_IMPLICIT_RETAIN_SELF = YES;
				CLANG_WARN_OBJC_LITERAL_CONVERSION = YES;
				CLANG_WARN_OBJC_ROOT_CLASS = YES_ERROR;
				CLANG_WARN_RANGE_LOOP_ANALYSIS = YES;
				CLANG_WARN_STRICT_PROTOTYPES = YES;
				CLANG_WARN_SUSPICIOUS_MOVE = YES;
				CLANG_WARN_UNGUARDED_AVAILABILITY = YES_AGGRESSIVE;
				CLANG_WARN_UNREACHABLE_CODE = YES;
				CLANG_WARN__DUPLICATE_METHOD_MATCH = YES;
				COPY_PHASE_STRIP = NO;
				DEBUG_INFORMATION_FORMAT = dwarf;
				ENABLE_STRICT_OBJC_MSGSEND = YES;
				ENABLE_TESTABILITY = YES;
				GCC_C_LANGUAGE_STANDARD = gnu11;
				GCC_DYNAMIC_NO_PIC = NO;
				GCC_NO_COMMON_BLOCKS = YES;
				GCC_OPTIMIZATION_LEVEL = 0;
				GCC_PREPROCESSOR_DEFINITIONS = (
					"DEBUG=1",
					"$(inherited)",
				);
				GCC_WARN_64_TO_32_BIT_CONVERSION = YES;
				GCC_WARN_ABOUT_RETURN_TYPE = YES_ERROR;
				GCC_WARN_UNDECLARED_SELECTOR = YES;
				GCC_WARN_UNINITIALIZED_AUTOS = YES_AGGRESSIVE;
				GCC_WARN_UNUSED_FUNCTION = YES;
				GCC_WARN_UNUSED_VARIABLE = YES;
				IPHONEOS_DEPLOYMENT_TARGET = 13.4;
				MTL_ENABLE_DEBUG_INFO = INCLUDE_SOURCE;
				MTL_FAST_MATH = YES;
				ONLY_ACTIVE_ARCH = YES;
				SDKROOT = iphoneos;
				SWIFT_ACTIVE_COMPILATION_CONDITIONS = DEBUG;
				SWIFT_OPTIMIZATION_LEVEL = "-Onone";
			};
			name = Debug;
		};
		21DEEEC92480606200CDE4E0 /* Release */ = {
			isa = XCBuildConfiguration;
			buildSettings = {
				ALWAYS_SEARCH_USER_PATHS = NO;
				CLANG_ANALYZER_NONNULL = YES;
				CLANG_ANALYZER_NUMBER_OBJECT_CONVERSION = YES_AGGRESSIVE;
				CLANG_CXX_LANGUAGE_STANDARD = "gnu++14";
				CLANG_CXX_LIBRARY = "libc++";
				CLANG_ENABLE_MODULES = YES;
				CLANG_ENABLE_OBJC_ARC = YES;
				CLANG_ENABLE_OBJC_WEAK = YES;
				CLANG_WARN_BLOCK_CAPTURE_AUTORELEASING = YES;
				CLANG_WARN_BOOL_CONVERSION = YES;
				CLANG_WARN_COMMA = YES;
				CLANG_WARN_CONSTANT_CONVERSION = YES;
				CLANG_WARN_DEPRECATED_OBJC_IMPLEMENTATIONS = YES;
				CLANG_WARN_DIRECT_OBJC_ISA_USAGE = YES_ERROR;
				CLANG_WARN_DOCUMENTATION_COMMENTS = YES;
				CLANG_WARN_EMPTY_BODY = YES;
				CLANG_WARN_ENUM_CONVERSION = YES;
				CLANG_WARN_INFINITE_RECURSION = YES;
				CLANG_WARN_INT_CONVERSION = YES;
				CLANG_WARN_NON_LITERAL_NULL_CONVERSION = YES;
				CLANG_WARN_OBJC_IMPLICIT_RETAIN_SELF = YES;
				CLANG_WARN_OBJC_LITERAL_CONVERSION = YES;
				CLANG_WARN_OBJC_ROOT_CLASS = YES_ERROR;
				CLANG_WARN_RANGE_LOOP_ANALYSIS = YES;
				CLANG_WARN_STRICT_PROTOTYPES = YES;
				CLANG_WARN_SUSPICIOUS_MOVE = YES;
				CLANG_WARN_UNGUARDED_AVAILABILITY = YES_AGGRESSIVE;
				CLANG_WARN_UNREACHABLE_CODE = YES;
				CLANG_WARN__DUPLICATE_METHOD_MATCH = YES;
				COPY_PHASE_STRIP = NO;
				DEBUG_INFORMATION_FORMAT = "dwarf-with-dsym";
				ENABLE_NS_ASSERTIONS = NO;
				ENABLE_STRICT_OBJC_MSGSEND = YES;
				GCC_C_LANGUAGE_STANDARD = gnu11;
				GCC_NO_COMMON_BLOCKS = YES;
				GCC_WARN_64_TO_32_BIT_CONVERSION = YES;
				GCC_WARN_ABOUT_RETURN_TYPE = YES_ERROR;
				GCC_WARN_UNDECLARED_SELECTOR = YES;
				GCC_WARN_UNINITIALIZED_AUTOS = YES_AGGRESSIVE;
				GCC_WARN_UNUSED_FUNCTION = YES;
				GCC_WARN_UNUSED_VARIABLE = YES;
				IPHONEOS_DEPLOYMENT_TARGET = 13.4;
				MTL_ENABLE_DEBUG_INFO = NO;
				MTL_FAST_MATH = YES;
				SDKROOT = iphoneos;
				SWIFT_COMPILATION_MODE = wholemodule;
				SWIFT_OPTIMIZATION_LEVEL = "-O";
				VALIDATE_PRODUCT = YES;
			};
			name = Release;
		};
		21DEEECB2480606200CDE4E0 /* Debug */ = {
			isa = XCBuildConfiguration;
			buildSettings = {
				ASSETCATALOG_COMPILER_APPICON_NAME = AppIcon;
				CODE_SIGN_STYLE = Automatic;
				DEVELOPMENT_TEAM = 635M8H5NR9;
				INFOPLIST_FILE = XyloLearn/Info.plist;
				LD_RUNPATH_SEARCH_PATHS = (
					"$(inherited)",
					"@executable_path/Frameworks",
				);
				PRODUCT_BUNDLE_IDENTIFIER = com.bubbapedia.XyloLearn;
				PRODUCT_NAME = "$(TARGET_NAME)";
				SWIFT_VERSION = 5.0;
				TARGETED_DEVICE_FAMILY = "1,2";
			};
			name = Debug;
		};
		21DEEECC2480606200CDE4E0 /* Release */ = {
			isa = XCBuildConfiguration;
			buildSettings = {
				ASSETCATALOG_COMPILER_APPICON_NAME = AppIcon;
				CODE_SIGN_STYLE = Automatic;
				DEVELOPMENT_TEAM = 635M8H5NR9;
				INFOPLIST_FILE = XyloLearn/Info.plist;
				LD_RUNPATH_SEARCH_PATHS = (
					"$(inherited)",
					"@executable_path/Frameworks",
				);
				PRODUCT_BUNDLE_IDENTIFIER = com.bubbapedia.XyloLearn;
				PRODUCT_NAME = "$(TARGET_NAME)";
				SWIFT_VERSION = 5.0;
				TARGETED_DEVICE_FAMILY = "1,2";
			};
			name = Release;
		};
/* End XCBuildConfiguration section */

/* Begin XCConfigurationList section */
		21DEEEB12480605F00CDE4E0 /* Build configuration list for PBXProject "XyloLearn" */ = {
			isa = XCConfigurationList;
			buildConfigurations = (
				21DEEEC82480606200CDE4E0 /* Debug */,
				21DEEEC92480606200CDE4E0 /* Release */,
			);
			defaultConfigurationIsVisible = 0;
			defaultConfigurationName = Release;
		};
		21DEEECA2480606200CDE4E0 /* Build configuration list for PBXNativeTarget "XyloLearn" */ = {
			isa = XCConfigurationList;
			buildConfigurations = (
				21DEEECB2480606200CDE4E0 /* Debug */,
				21DEEECC2480606200CDE4E0 /* Release */,
			);
			defaultConfigurationIsVisible = 0;
			defaultConfigurationName = Release;
		};
/* End XCConfigurationList section */
	};
	rootObject = 21DEEEAE2480605F00CDE4E0 /* Project object */;
}
