// !$*UTF8*$!
{
	archiveVersion = 1;
	classes = {
	};
	objectVersion = 50;
	objects = {

/* Begin PBXBuildFile section */
		210ADFC324A357370054E861 /* animatedApple.gif in Resources */ = {isa = PBXBuildFile; fileRef = 210ADFBC24A357360054E861 /* animatedApple.gif */; };
		210ADFC424A357370054E861 /* animatedPear.gif in Resources */ = {isa = PBXBuildFile; fileRef = 210ADFBD24A357360054E861 /* animatedPear.gif */; };
		210ADFC524A357370054E861 /* animatedStrawberry.gif in Resources */ = {isa = PBXBuildFile; fileRef = 210ADFBE24A357370054E861 /* animatedStrawberry.gif */; };
		210ADFC624A357370054E861 /* animatedGrapes.gif in Resources */ = {isa = PBXBuildFile; fileRef = 210ADFBF24A357370054E861 /* animatedGrapes.gif */; };
		210ADFC724A357370054E861 /* animatedBanana.gif in Resources */ = {isa = PBXBuildFile; fileRef = 210ADFC024A357370054E861 /* animatedBanana.gif */; };
		210ADFC824A357370054E861 /* animatedWatermelon.gif in Resources */ = {isa = PBXBuildFile; fileRef = 210ADFC124A357370054E861 /* animatedWatermelon.gif */; };
		210ADFC924A357370054E861 /* animatedOrange.gif in Resources */ = {isa = PBXBuildFile; fileRef = 210ADFC224A357370054E861 /* animatedOrange.gif */; };
		210ADFD124A3574A0054E861 /* animatedBroccoli.gif in Resources */ = {isa = PBXBuildFile; fileRef = 210ADFCA24A357490054E861 /* animatedBroccoli.gif */; };
		210ADFD224A3574A0054E861 /* animatedPotato.gif in Resources */ = {isa = PBXBuildFile; fileRef = 210ADFCB24A357490054E861 /* animatedPotato.gif */; };
		210ADFD324A3574A0054E861 /* animatedCapsicum.gif in Resources */ = {isa = PBXBuildFile; fileRef = 210ADFCC24A357490054E861 /* animatedCapsicum.gif */; };
		210ADFD424A3574A0054E861 /* animatedCarrot.gif in Resources */ = {isa = PBXBuildFile; fileRef = 210ADFCD24A3574A0054E861 /* animatedCarrot.gif */; };
		210ADFD524A3574A0054E861 /* animatedMushroom.gif in Resources */ = {isa = PBXBuildFile; fileRef = 210ADFCE24A3574A0054E861 /* animatedMushroom.gif */; };
		210ADFD624A3574A0054E861 /* animatedPumpkin.gif in Resources */ = {isa = PBXBuildFile; fileRef = 210ADFCF24A3574A0054E861 /* animatedPumpkin.gif */; };
		210ADFD724A3574A0054E861 /* animatedPeas.gif in Resources */ = {isa = PBXBuildFile; fileRef = 210ADFD024A3574A0054E861 /* animatedPeas.gif */; };
		210ADFDF24A357580054E861 /* animatedLion.gif in Resources */ = {isa = PBXBuildFile; fileRef = 210ADFD824A357580054E861 /* animatedLion.gif */; };
		210ADFE024A357580054E861 /* animatedCat.gif in Resources */ = {isa = PBXBuildFile; fileRef = 210ADFD924A357580054E861 /* animatedCat.gif */; };
		210ADFE124A357580054E861 /* animatedKangaroo.gif in Resources */ = {isa = PBXBuildFile; fileRef = 210ADFDA24A357580054E861 /* animatedKangaroo.gif */; };
		210ADFE224A357580054E861 /* animatedFish.gif in Resources */ = {isa = PBXBuildFile; fileRef = 210ADFDB24A357580054E861 /* animatedFish.gif */; };
		210ADFE324A357580054E861 /* animatedBunny.gif in Resources */ = {isa = PBXBuildFile; fileRef = 210ADFDC24A357580054E861 /* animatedBunny.gif */; };
		210ADFE424A357580054E861 /* animatedFrog.gif in Resources */ = {isa = PBXBuildFile; fileRef = 210ADFDD24A357580054E861 /* animatedFrog.gif */; };
		210ADFE524A357580054E861 /* animatedGoat.gif in Resources */ = {isa = PBXBuildFile; fileRef = 210ADFDE24A357580054E861 /* animatedGoat.gif */; };
		212DB946248069E5000BF378 /* Swift+SpecialEffects.swift in Sources */ = {isa = PBXBuildFile; fileRef = 212DB945248069E5000BF378 /* Swift+SpecialEffects.swift */; };
		212DB94824806A14000BF378 /* Swift+Gif.swift in Sources */ = {isa = PBXBuildFile; fileRef = 212DB94724806A14000BF378 /* Swift+Gif.swift */; };
		212E413424D2B77400FBE319 /* StartupPageViewController.swift in Sources */ = {isa = PBXBuildFile; fileRef = 212E413324D2B77400FBE319 /* StartupPageViewController.swift */; };
		2153D7A424D41A5D00466564 /* HomePageViewController.swift in Sources */ = {isa = PBXBuildFile; fileRef = 2153D7A324D41A5D00466564 /* HomePageViewController.swift */; };
		215F55EC24DE62AD00FF401A /* homeGif.gif in Resources */ = {isa = PBXBuildFile; fileRef = 215F55EB24DE62AD00FF401A /* homeGif.gif */; };
		215F55EE24DEBFEA00FF401A /* UIButtonExtension.swift in Sources */ = {isa = PBXBuildFile; fileRef = 215F55ED24DEBFEA00FF401A /* UIButtonExtension.swift */; };
		218C8912251769BB00160605 /* PopUpViewController.swift in Sources */ = {isa = PBXBuildFile; fileRef = 218C8911251769BB00160605 /* PopUpViewController.swift */; };
		218C8914251888DD00160605 /* ImageSizeExtension.swift in Sources */ = {isa = PBXBuildFile; fileRef = 218C8913251888DD00160605 /* ImageSizeExtension.swift */; };
		219569D124F23C300055D2DE /* xyloViewController.swift in Sources */ = {isa = PBXBuildFile; fileRef = 219569D024F23C300055D2DE /* xyloViewController.swift */; };
		219569D324F677A60055D2DE /* xyloLaunchScreen.storyboard in Resources */ = {isa = PBXBuildFile; fileRef = 219569D224F677A60055D2DE /* xyloLaunchScreen.storyboard */; };
		219569E724FA1BDE0055D2DE /* Sounds in Resources */ = {isa = PBXBuildFile; fileRef = 219569E624FA1BDE0055D2DE /* Sounds */; };
		21DEEEBA2480605F00CDE4E0 /* AppDelegate.swift in Sources */ = {isa = PBXBuildFile; fileRef = 21DEEEB92480605F00CDE4E0 /* AppDelegate.swift */; };
		21DEEEBC2480605F00CDE4E0 /* SceneDelegate.swift in Sources */ = {isa = PBXBuildFile; fileRef = 21DEEEBB2480605F00CDE4E0 /* SceneDelegate.swift */; };
		21DEEEBE2480605F00CDE4E0 /* ColorsViewController.swift in Sources */ = {isa = PBXBuildFile; fileRef = 21DEEEBD2480605F00CDE4E0 /* ColorsViewController.swift */; };
		21DEEEC12480605F00CDE4E0 /* Main.storyboard in Resources */ = {isa = PBXBuildFile; fileRef = 21DEEEBF2480605F00CDE4E0 /* Main.storyboard */; };
		21DEEEC32480606200CDE4E0 /* Assets.xcassets in Resources */ = {isa = PBXBuildFile; fileRef = 21DEEEC22480606200CDE4E0 /* Assets.xcassets */; };
		21DEEECE2480624500CDE4E0 /* VegetablesViewController.swift in Sources */ = {isa = PBXBuildFile; fileRef = 21DEEECD2480624500CDE4E0 /* VegetablesViewController.swift */; };
		21DEEED02480632C00CDE4E0 /* FruitsViewController.swift in Sources */ = {isa = PBXBuildFile; fileRef = 21DEEECF2480632C00CDE4E0 /* FruitsViewController.swift */; };
		21DEEED22480639B00CDE4E0 /* AnimalsViewController.swift in Sources */ = {isa = PBXBuildFile; fileRef = 21DEEED12480639B00CDE4E0 /* AnimalsViewController.swift */; };
/* End PBXBuildFile section */

/* Begin PBXFileReference section */
		210ADFBC24A357360054E861 /* animatedApple.gif */ = {isa = PBXFileReference; lastKnownFileType = image.gif; name = animatedApple.gif; path = Images/GIFS/Fruits/animatedApple.gif; sourceTree = SOURCE_ROOT; };
		210ADFBD24A357360054E861 /* animatedPear.gif */ = {isa = PBXFileReference; lastKnownFileType = image.gif; name = animatedPear.gif; path = Images/GIFS/Fruits/animatedPear.gif; sourceTree = SOURCE_ROOT; };
		210ADFBE24A357370054E861 /* animatedStrawberry.gif */ = {isa = PBXFileReference; lastKnownFileType = image.gif; name = animatedStrawberry.gif; path = Images/GIFS/Fruits/animatedStrawberry.gif; sourceTree = SOURCE_ROOT; };
		210ADFBF24A357370054E861 /* animatedGrapes.gif */ = {isa = PBXFileReference; lastKnownFileType = image.gif; name = animatedGrapes.gif; path = Images/GIFS/Fruits/animatedGrapes.gif; sourceTree = SOURCE_ROOT; };
		210ADFC024A357370054E861 /* animatedBanana.gif */ = {isa = PBXFileReference; lastKnownFileType = image.gif; name = animatedBanana.gif; path = Images/GIFS/Fruits/animatedBanana.gif; sourceTree = SOURCE_ROOT; };
		210ADFC124A357370054E861 /* animatedWatermelon.gif */ = {isa = PBXFileReference; lastKnownFileType = image.gif; name = animatedWatermelon.gif; path = Images/GIFS/Fruits/animatedWatermelon.gif; sourceTree = SOURCE_ROOT; };
		210ADFC224A357370054E861 /* animatedOrange.gif */ = {isa = PBXFileReference; lastKnownFileType = image.gif; name = animatedOrange.gif; path = Images/GIFS/Fruits/animatedOrange.gif; sourceTree = SOURCE_ROOT; };
		210ADFCA24A357490054E861 /* animatedBroccoli.gif */ = {isa = PBXFileReference; lastKnownFileType = image.gif; name = animatedBroccoli.gif; path = Images/GIFS/Veges/animatedBroccoli.gif; sourceTree = SOURCE_ROOT; };
		210ADFCB24A357490054E861 /* animatedPotato.gif */ = {isa = PBXFileReference; lastKnownFileType = image.gif; name = animatedPotato.gif; path = Images/GIFS/Veges/animatedPotato.gif; sourceTree = SOURCE_ROOT; };
		210ADFCC24A357490054E861 /* animatedCapsicum.gif */ = {isa = PBXFileReference; lastKnownFileType = image.gif; name = animatedCapsicum.gif; path = Images/GIFS/Veges/animatedCapsicum.gif; sourceTree = SOURCE_ROOT; };
		210ADFCD24A3574A0054E861 /* animatedCarrot.gif */ = {isa = PBXFileReference; lastKnownFileType = image.gif; name = animatedCarrot.gif; path = Images/GIFS/Veges/animatedCarrot.gif; sourceTree = SOURCE_ROOT; };
		210ADFCE24A3574A0054E861 /* animatedMushroom.gif */ = {isa = PBXFileReference; lastKnownFileType = image.gif; name = animatedMushroom.gif; path = Images/GIFS/Veges/animatedMushroom.gif; sourceTree = SOURCE_ROOT; };
		210ADFCF24A3574A0054E861 /* animatedPumpkin.gif */ = {isa = PBXFileReference; lastKnownFileType = image.gif; name = animatedPumpkin.gif; path = Images/GIFS/Veges/animatedPumpkin.gif; sourceTree = SOURCE_ROOT; };
		210ADFD024A3574A0054E861 /* animatedPeas.gif */ = {isa = PBXFileReference; lastKnownFileType = image.gif; name = animatedPeas.gif; path = Images/GIFS/Veges/animatedPeas.gif; sourceTree = SOURCE_ROOT; };
		210ADFD824A357580054E861 /* animatedLion.gif */ = {isa = PBXFileReference; lastKnownFileType = image.gif; name = animatedLion.gif; path = Images/GIFS/Animals/animatedLion.gif; sourceTree = SOURCE_ROOT; };
		210ADFD924A357580054E861 /* animatedCat.gif */ = {isa = PBXFileReference; lastKnownFileType = image.gif; name = animatedCat.gif; path = Images/GIFS/Animals/animatedCat.gif; sourceTree = SOURCE_ROOT; };
		210ADFDA24A357580054E861 /* animatedKangaroo.gif */ = {isa = PBXFileReference; lastKnownFileType = image.gif; name = animatedKangaroo.gif; path = Images/GIFS/Animals/animatedKangaroo.gif; sourceTree = SOURCE_ROOT; };
		210ADFDB24A357580054E861 /* animatedFish.gif */ = {isa = PBXFileReference; lastKnownFileType = image.gif; name = animatedFish.gif; path = Images/GIFS/Animals/animatedFish.gif; sourceTree = SOURCE_ROOT; };
		210ADFDC24A357580054E861 /* animatedBunny.gif */ = {isa = PBXFileReference; lastKnownFileType = image.gif; name = animatedBunny.gif; path = Images/GIFS/Animals/animatedBunny.gif; sourceTree = SOURCE_ROOT; };
		210ADFDD24A357580054E861 /* animatedFrog.gif */ = {isa = PBXFileReference; lastKnownFileType = image.gif; name = animatedFrog.gif; path = Images/GIFS/Animals/animatedFrog.gif; sourceTree = SOURCE_ROOT; };
		210ADFDE24A357580054E861 /* animatedGoat.gif */ = {isa = PBXFileReference; lastKnownFileType = image.gif; name = animatedGoat.gif; path = Images/GIFS/Animals/animatedGoat.gif; sourceTree = SOURCE_ROOT; };
		212DB945248069E5000BF378 /* Swift+SpecialEffects.swift */ = {isa = PBXFileReference; lastKnownFileType = sourcecode.swift; path = "Swift+SpecialEffects.swift"; sourceTree = "<group>"; };
		212DB94724806A14000BF378 /* Swift+Gif.swift */ = {isa = PBXFileReference; lastKnownFileType = sourcecode.swift; path = "Swift+Gif.swift"; sourceTree = "<group>"; };
		212E413324D2B77400FBE319 /* StartupPageViewController.swift */ = {isa = PBXFileReference; lastKnownFileType = sourcecode.swift; path = StartupPageViewController.swift; sourceTree = "<group>"; };
		2153D7A324D41A5D00466564 /* HomePageViewController.swift */ = {isa = PBXFileReference; lastKnownFileType = sourcecode.swift; path = HomePageViewController.swift; sourceTree = "<group>"; };
		215F55EB24DE62AD00FF401A /* homeGif.gif */ = {isa = PBXFileReference; lastKnownFileType = image.gif; name = homeGif.gif; path = Images/GIFS/HomeBackgroundGIF/homeGif.gif; sourceTree = SOURCE_ROOT; };
		215F55ED24DEBFEA00FF401A /* UIButtonExtension.swift */ = {isa = PBXFileReference; lastKnownFileType = sourcecode.swift; name = UIButtonExtension.swift; path = XyloLearn/View/UIButtonExtension.swift; sourceTree = SOURCE_ROOT; };
		218C8911251769BB00160605 /* PopUpViewController.swift */ = {isa = PBXFileReference; lastKnownFileType = sourcecode.swift; name = PopUpViewController.swift; path = XyloLearn/View/PopUpViewController.swift; sourceTree = SOURCE_ROOT; };
		218C8913251888DD00160605 /* ImageSizeExtension.swift */ = {isa = PBXFileReference; lastKnownFileType = sourcecode.swift; name = ImageSizeExtension.swift; path = XyloLearn/Controllers/ImageSizeExtension.swift; sourceTree = SOURCE_ROOT; };
		219569D024F23C300055D2DE /* xyloViewController.swift */ = {isa = PBXFileReference; lastKnownFileType = sourcecode.swift; name = xyloViewController.swift; path = XyloLearn/View/xyloViewController.swift; sourceTree = SOURCE_ROOT; };
		219569D224F677A60055D2DE /* xyloLaunchScreen.storyboard */ = {isa = PBXFileReference; lastKnownFileType = file.storyboard; path = xyloLaunchScreen.storyboard; sourceTree = "<group>"; };
		219569E624FA1BDE0055D2DE /* Sounds */ = {isa = PBXFileReference; fileEncoding = 4; lastKnownFileType = text; path = Sounds; sourceTree = SOURCE_ROOT; };
		21DEEEB62480605F00CDE4E0 /* XyloLearn.app */ = {isa = PBXFileReference; explicitFileType = wrapper.application; includeInIndex = 0; path = XyloLearn.app; sourceTree = BUILT_PRODUCTS_DIR; };
		21DEEEB92480605F00CDE4E0 /* AppDelegate.swift */ = {isa = PBXFileReference; lastKnownFileType = sourcecode.swift; path = AppDelegate.swift; sourceTree = "<group>"; };
		21DEEEBB2480605F00CDE4E0 /* SceneDelegate.swift */ = {isa = PBXFileReference; lastKnownFileType = sourcecode.swift; path = SceneDelegate.swift; sourceTree = "<group>"; };
		21DEEEBD2480605F00CDE4E0 /* ColorsViewController.swift */ = {isa = PBXFileReference; lastKnownFileType = sourcecode.swift; path = ColorsViewController.swift; sourceTree = "<group>"; };
		21DEEEC02480605F00CDE4E0 /* Base */ = {isa = PBXFileReference; lastKnownFileType = file.storyboard; name = Base; path = Base.lproj/Main.storyboard; sourceTree = "<group>"; };
		21DEEEC22480606200CDE4E0 /* Assets.xcassets */ = {isa = PBXFileReference; lastKnownFileType = folder.assetcatalog; path = Assets.xcassets; sourceTree = "<group>"; };
		21DEEEC72480606200CDE4E0 /* Info.plist */ = {isa = PBXFileReference; lastKnownFileType = text.plist.xml; path = Info.plist; sourceTree = "<group>"; };
		21DEEECD2480624500CDE4E0 /* VegetablesViewController.swift */ = {isa = PBXFileReference; lastKnownFileType = sourcecode.swift; path = VegetablesViewController.swift; sourceTree = "<group>"; };
		21DEEECF2480632C00CDE4E0 /* FruitsViewController.swift */ = {isa = PBXFileReference; lastKnownFileType = sourcecode.swift; path = FruitsViewController.swift; sourceTree = "<group>"; };
		21DEEED12480639B00CDE4E0 /* AnimalsViewController.swift */ = {isa = PBXFileReference; lastKnownFileType = sourcecode.swift; path = AnimalsViewController.swift; sourceTree = "<group>"; };
/* End PBXFileReference section */

/* Begin PBXFrameworksBuildPhase section */
		21DEEEB32480605F00CDE4E0 /* Frameworks */ = {
			isa = PBXFrameworksBuildPhase;
			buildActionMask = 2147483647;
			files = (
			);
			runOnlyForDeploymentPostprocessing = 0;
		};
/* End PBXFrameworksBuildPhase section */

/* Begin PBXGroup section */
		212DB941248068BD000BF378 /* View */ = {
			isa = PBXGroup;
			children = (
				21DEEEBF2480605F00CDE4E0 /* Main.storyboard */,
				219569D224F677A60055D2DE /* xyloLaunchScreen.storyboard */,
			);
			path = View;
			sourceTree = "<group>";
		};
		212DB94424806959000BF378 /* Extensions */ = {
			isa = PBXGroup;
			children = (
				218C8913251888DD00160605 /* ImageSizeExtension.swift */,
				215F55ED24DEBFEA00FF401A /* UIButtonExtension.swift */,
				212DB945248069E5000BF378 /* Swift+SpecialEffects.swift */,
				212DB94724806A14000BF378 /* Swift+Gif.swift */,
			);
			path = Extensions;
			sourceTree = "<group>";
		};
		212DB94B24806F16000BF378 /* Animated Images */ = {
			isa = PBXGroup;
			children = (
				215F55EB24DE62AD00FF401A /* homeGif.gif */,
				210ADFBC24A357360054E861 /* animatedApple.gif */,
				210ADFC024A357370054E861 /* animatedBanana.gif */,
				210ADFBF24A357370054E861 /* animatedGrapes.gif */,
				210ADFC224A357370054E861 /* animatedOrange.gif */,
				210ADFBD24A357360054E861 /* animatedPear.gif */,
				210ADFBE24A357370054E861 /* animatedStrawberry.gif */,
				210ADFC124A357370054E861 /* animatedWatermelon.gif */,
				210ADFCA24A357490054E861 /* animatedBroccoli.gif */,
				210ADFCC24A357490054E861 /* animatedCapsicum.gif */,
				210ADFCD24A3574A0054E861 /* animatedCarrot.gif */,
				210ADFCE24A3574A0054E861 /* animatedMushroom.gif */,
				210ADFD024A3574A0054E861 /* animatedPeas.gif */,
				210ADFCB24A357490054E861 /* animatedPotato.gif */,
				210ADFCF24A3574A0054E861 /* animatedPumpkin.gif */,
				210ADFDC24A357580054E861 /* animatedBunny.gif */,
				210ADFD924A357580054E861 /* animatedCat.gif */,
				210ADFDB24A357580054E861 /* animatedFish.gif */,
				210ADFDD24A357580054E861 /* animatedFrog.gif */,
				210ADFDE24A357580054E861 /* animatedGoat.gif */,
				210ADFDA24A357580054E861 /* animatedKangaroo.gif */,
				210ADFD824A357580054E861 /* animatedLion.gif */,
			);
			path = "Animated Images";
			sourceTree = "<group>";
		};
		21DEEEAD2480605F00CDE4E0 = {
			isa = PBXGroup;
			children = (
				21DEEEB82480605F00CDE4E0 /* XyloLearn */,
				21DEEEB72480605F00CDE4E0 /* Products */,
			);
			sourceTree = "<group>";
		};
		21DEEEB72480605F00CDE4E0 /* Products */ = {
			isa = PBXGroup;
			children = (
				21DEEEB62480605F00CDE4E0 /* XyloLearn.app */,
			);
			name = Products;
			sourceTree = "<group>";
		};
		21DEEEB82480605F00CDE4E0 /* XyloLearn */ = {
			isa = PBXGroup;
			children = (
				21DEEEB92480605F00CDE4E0 /* AppDelegate.swift */,
				21DEEEBB2480605F00CDE4E0 /* SceneDelegate.swift */,
				212DB941248068BD000BF378 /* View */,
				21DEEED32480640100CDE4E0 /* Controllers */,
				212DB94B24806F16000BF378 /* Animated Images */,
				21DEEEC22480606200CDE4E0 /* Assets.xcassets */,
				21DEEEC72480606200CDE4E0 /* Info.plist */,
				219569E624FA1BDE0055D2DE /* Sounds */,
			);
			path = XyloLearn;
			sourceTree = "<group>";
		};
		21DEEED32480640100CDE4E0 /* Controllers */ = {
			isa = PBXGroup;
			children = (
				218C8911251769BB00160605 /* PopUpViewController.swift */,
				219569D024F23C300055D2DE /* xyloViewController.swift */,
				2153D7A324D41A5D00466564 /* HomePageViewController.swift */,
				212E413324D2B77400FBE319 /* StartupPageViewController.swift */,
				21DEEEBD2480605F00CDE4E0 /* ColorsViewController.swift */,
				21DEEECF2480632C00CDE4E0 /* FruitsViewController.swift */,
				21DEEECD2480624500CDE4E0 /* VegetablesViewController.swift */,
				21DEEED12480639B00CDE4E0 /* AnimalsViewController.swift */,
				212DB94424806959000BF378 /* Extensions */,
			);
			path = Controllers;
			sourceTree = "<group>";
		};
/* End PBXGroup section */

/* Begin PBXNativeTarget section */
		21DEEEB52480605F00CDE4E0 /* XyloLearn */ = {
			isa = PBXNativeTarget;
			buildConfigurationList = 21DEEECA2480606200CDE4E0 /* Build configuration list for PBXNativeTarget "XyloLearn" */;
			buildPhases = (
				21DEEEB22480605F00CDE4E0 /* Sources */,
				21DEEEB32480605F00CDE4E0 /* Frameworks */,
				21DEEEB42480605F00CDE4E0 /* Resources */,
			);
			buildRules = (
			);
			dependencies = (
			);
			name = XyloLearn;
			productName = XyloLearn;
			productReference = 21DEEEB62480605F00CDE4E0 /* XyloLearn.app */;
			productType = "com.apple.product-type.application";
		};
/* End PBXNativeTarget section */

/* Begin PBXProject section */
		21DEEEAE2480605F00CDE4E0 /* Project object */ = {
			isa = PBXProject;
			attributes = {
				LastSwiftUpdateCheck = 1140;
				LastUpgradeCheck = 1140;
				ORGANIZATIONNAME = "Deepanshu Nautiyal";
				TargetAttributes = {
					21DEEEB52480605F00CDE4E0 = {
						CreatedOnToolsVersion = 11.4.1;
					};
				};
			};
			buildConfigurationList = 21DEEEB12480605F00CDE4E0 /* Build configuration list for PBXProject "XyloLearn" */;
			compatibilityVersion = "Xcode 9.3";
			developmentRegion = en;
			hasScannedForEncodings = 0;
			knownRegions = (
				en,
				Base,
			);
			mainGroup = 21DEEEAD2480605F00CDE4E0;
			productRefGroup = 21DEEEB72480605F00CDE4E0 /* Products */;
			projectDirPath = "";
			projectRoot = "";
			targets = (
				21DEEEB52480605F00CDE4E0 /* XyloLearn */,
			);
		};
/* End PBXProject section */

/* Begin PBXResourcesBuildPhase section */
		21DEEEB42480605F00CDE4E0 /* Resources */ = {
			isa = PBXResourcesBuildPhase;
			buildActionMask = 2147483647;
			files = (
				219569E724FA1BDE0055D2DE /* Sounds in Resources */,
				210ADFD224A3574A0054E861 /* animatedPotato.gif in Resources */,
				210ADFC524A357370054E861 /* animatedStrawberry.gif in Resources */,
				210ADFE524A357580054E861 /* animatedGoat.gif in Resources */,
				210ADFD724A3574A0054E861 /* animatedPeas.gif in Resources */,
				210ADFD324A3574A0054E861 /* animatedCapsicum.gif in Resources */,
				210ADFC824A357370054E861 /* animatedWatermelon.gif in Resources */,
				210ADFD124A3574A0054E861 /* animatedBroccoli.gif in Resources */,
				210ADFC724A357370054E861 /* animatedBanana.gif in Resources */,
				219569D324F677A60055D2DE /* xyloLaunchScreen.storyboard in Resources */,
				21DEEEC32480606200CDE4E0 /* Assets.xcassets in Resources */,
				210ADFE124A357580054E861 /* animatedKangaroo.gif in Resources */,
				210ADFE324A357580054E861 /* animatedBunny.gif in Resources */,
				210ADFD524A3574A0054E861 /* animatedMushroom.gif in Resources */,
				210ADFC324A357370054E861 /* animatedApple.gif in Resources */,
				210ADFE024A357580054E861 /* animatedCat.gif in Resources */,
				210ADFC624A357370054E861 /* animatedGrapes.gif in Resources */,
				210ADFD424A3574A0054E861 /* animatedCarrot.gif in Resources */,
				210ADFC924A357370054E861 /* animatedOrange.gif in Resources */,
				21DEEEC12480605F00CDE4E0 /* Main.storyboard in Resources */,
				215F55EC24DE62AD00FF401A /* homeGif.gif in Resources */,
				210ADFE424A357580054E861 /* animatedFrog.gif in Resources */,
				210ADFDF24A357580054E861 /* animatedLion.gif in Resources */,
				210ADFE224A357580054E861 /* animatedFish.gif in Resources */,
				210ADFD624A3574A0054E861 /* animatedPumpkin.gif in Resources */,
				210ADFC424A357370054E861 /* animatedPear.gif in Resources */,
			);
			runOnlyForDeploymentPostprocessing = 0;
		};
/* End PBXResourcesBuildPhase section */

/* Begin PBXSourcesBuildPhase section */
		21DEEEB22480605F00CDE4E0 /* Sources */ = {
			isa = PBXSourcesBuildPhase;
			buildActionMask = 2147483647;
			files = (
				2153D7A424D41A5D00466564 /* HomePageViewController.swift in Sources */,
				215F55EE24DEBFEA00FF401A /* UIButtonExtension.swift in Sources */,
				219569D124F23C300055D2DE /* xyloViewController.swift in Sources */,
				212DB94824806A14000BF378 /* Swift+Gif.swift in Sources */,
				21DEEEBE2480605F00CDE4E0 /* ColorsViewController.swift in Sources */,
				212E413424D2B77400FBE319 /* StartupPageViewController.swift in Sources */,
				212DB946248069E5000BF378 /* Swift+SpecialEffects.swift in Sources */,
				218C8912251769BB00160605 /* PopUpViewController.swift in Sources */,
				218C8914251888DD00160605 /* ImageSizeExtension.swift in Sources */,
				21DEEED02480632C00CDE4E0 /* FruitsViewController.swift in Sources */,
				21DEEED22480639B00CDE4E0 /* AnimalsViewController.swift in Sources */,
				21DEEEBA2480605F00CDE4E0 /* AppDelegate.swift in Sources */,
				21DEEECE2480624500CDE4E0 /* VegetablesViewController.swift in Sources */,
				21DEEEBC2480605F00CDE4E0 /* SceneDelegate.swift in Sources */,
			);
			runOnlyForDeploymentPostprocessing = 0;
		};
/* End PBXSourcesBuildPhase section */

/* Begin PBXVariantGroup section */
		21DEEEBF2480605F00CDE4E0 /* Main.storyboard */ = {
			isa = PBXVariantGroup;
			children = (
				21DEEEC02480605F00CDE4E0 /* Base */,
			);
			name = Main.storyboard;
			sourceTree = "<group>";
		};
/* End PBXVariantGroup section */

/* Begin XCBuildConfiguration section */
		21DEEEC82480606200CDE4E0 /* Debug */ = {
			isa = XCBuildConfiguration;
			buildSettings = {
				ALWAYS_SEARCH_USER_PATHS = NO;
				CLANG_ANALYZER_NONNULL = YES;
				CLANG_ANALYZER_NUMBER_OBJECT_CONVERSION = YES_AGGRESSIVE;
				CLANG_CXX_LANGUAGE_STANDARD = "gnu++14";
				CLANG_CXX_LIBRARY = "libc++";
				CLANG_ENABLE_MODULES = YES;
				CLANG_ENABLE_OBJC_ARC = YES;
				CLANG_ENABLE_OBJC_WEAK = YES;
				CLANG_WARN_BLOCK_CAPTURE_AUTORELEASING = YES;
				CLANG_WARN_BOOL_CONVERSION = YES;
				CLANG_WARN_COMMA = YES;
				CLANG_WARN_CONSTANT_CONVERSION = YES;
				CLANG_WARN_DEPRECATED_OBJC_IMPLEMENTATIONS = YES;
				CLANG_WARN_DIRECT_OBJC_ISA_USAGE = YES_ERROR;
				CLANG_WARN_DOCUMENTATION_COMMENTS = YES;
				CLANG_WARN_EMPTY_BODY = YES;
				CLANG_WARN_ENUM_CONVERSION = YES;
				CLANG_WARN_INFINITE_RECURSION = YES;
				CLANG_WARN_INT_CONVERSION = YES;
				CLANG_WARN_NON_LITERAL_NULL_CONVERSION = YES;
				CLANG_WARN_OBJC_IMPLICIT_RETAIN_SELF = YES;
				CLANG_WARN_OBJC_LITERAL_CONVERSION = YES;
				CLANG_WARN_OBJC_ROOT_CLASS = YES_ERROR;
				CLANG_WARN_RANGE_LOOP_ANALYSIS = YES;
				CLANG_WARN_STRICT_PROTOTYPES = YES;
				CLANG_WARN_SUSPICIOUS_MOVE = YES;
				CLANG_WARN_UNGUARDED_AVAILABILITY = YES_AGGRESSIVE;
				CLANG_WARN_UNREACHABLE_CODE = YES;
				CLANG_WARN__DUPLICATE_METHOD_MATCH = YES;
				COPY_PHASE_STRIP = NO;
				DEBUG_INFORMATION_FORMAT = dwarf;
				ENABLE_STRICT_OBJC_MSGSEND = YES;
				ENABLE_TESTABILITY = YES;
				GCC_C_LANGUAGE_STANDARD = gnu11;
				GCC_DYNAMIC_NO_PIC = NO;
				GCC_NO_COMMON_BLOCKS = YES;
				GCC_OPTIMIZATION_LEVEL = 0;
				GCC_PREPROCESSOR_DEFINITIONS = (
					"DEBUG=1",
					"$(inherited)",
				);
				GCC_WARN_64_TO_32_BIT_CONVERSION = YES;
				GCC_WARN_ABOUT_RETURN_TYPE = YES_ERROR;
				GCC_WARN_UNDECLARED_SELECTOR = YES;
				GCC_WARN_UNINITIALIZED_AUTOS = YES_AGGRESSIVE;
				GCC_WARN_UNUSED_FUNCTION = YES;
				GCC_WARN_UNUSED_VARIABLE = YES;
				IPHONEOS_DEPLOYMENT_TARGET = 13.4;
				MTL_ENABLE_DEBUG_INFO = INCLUDE_SOURCE;
				MTL_FAST_MATH = YES;
				ONLY_ACTIVE_ARCH = YES;
				SDKROOT = iphoneos;
				SWIFT_ACTIVE_COMPILATION_CONDITIONS = DEBUG;
				SWIFT_OPTIMIZATION_LEVEL = "-Onone";
			};
			name = Debug;
		};
		21DEEEC92480606200CDE4E0 /* Release */ = {
			isa = XCBuildConfiguration;
			buildSettings = {
				ALWAYS_SEARCH_USER_PATHS = NO;
				CLANG_ANALYZER_NONNULL = YES;
				CLANG_ANALYZER_NUMBER_OBJECT_CONVERSION = YES_AGGRESSIVE;
				CLANG_CXX_LANGUAGE_STANDARD = "gnu++14";
				CLANG_CXX_LIBRARY = "libc++";
				CLANG_ENABLE_MODULES = YES;
				CLANG_ENABLE_OBJC_ARC = YES;
				CLANG_ENABLE_OBJC_WEAK = YES;
				CLANG_WARN_BLOCK_CAPTURE_AUTORELEASING = YES;
				CLANG_WARN_BOOL_CONVERSION = YES;
				CLANG_WARN_COMMA = YES;
				CLANG_WARN_CONSTANT_CONVERSION = YES;
				CLANG_WARN_DEPRECATED_OBJC_IMPLEMENTATIONS = YES;
				CLANG_WARN_DIRECT_OBJC_ISA_USAGE = YES_ERROR;
				CLANG_WARN_DOCUMENTATION_COMMENTS = YES;
				CLANG_WARN_EMPTY_BODY = YES;
				CLANG_WARN_ENUM_CONVERSION = YES;
				CLANG_WARN_INFINITE_RECURSION = YES;
				CLANG_WARN_INT_CONVERSION = YES;
				CLANG_WARN_NON_LITERAL_NULL_CONVERSION = YES;
				CLANG_WARN_OBJC_IMPLICIT_RETAIN_SELF = YES;
				CLANG_WARN_OBJC_LITERAL_CONVERSION = YES;
				CLANG_WARN_OBJC_ROOT_CLASS = YES_ERROR;
				CLANG_WARN_RANGE_LOOP_ANALYSIS = YES;
				CLANG_WARN_STRICT_PROTOTYPES = YES;
				CLANG_WARN_SUSPICIOUS_MOVE = YES;
				CLANG_WARN_UNGUARDED_AVAILABILITY = YES_AGGRESSIVE;
				CLANG_WARN_UNREACHABLE_CODE = YES;
				CLANG_WARN__DUPLICATE_METHOD_MATCH = YES;
				COPY_PHASE_STRIP = NO;
				DEBUG_INFORMATION_FORMAT = "dwarf-with-dsym";
				ENABLE_NS_ASSERTIONS = NO;
				ENABLE_STRICT_OBJC_MSGSEND = YES;
				GCC_C_LANGUAGE_STANDARD = gnu11;
				GCC_NO_COMMON_BLOCKS = YES;
				GCC_WARN_64_TO_32_BIT_CONVERSION = YES;
				GCC_WARN_ABOUT_RETURN_TYPE = YES_ERROR;
				GCC_WARN_UNDECLARED_SELECTOR = YES;
				GCC_WARN_UNINITIALIZED_AUTOS = YES_AGGRESSIVE;
				GCC_WARN_UNUSED_FUNCTION = YES;
				GCC_WARN_UNUSED_VARIABLE = YES;
				IPHONEOS_DEPLOYMENT_TARGET = 13.4;
				MTL_ENABLE_DEBUG_INFO = NO;
				MTL_FAST_MATH = YES;
				SDKROOT = iphoneos;
				SWIFT_COMPILATION_MODE = wholemodule;
				SWIFT_OPTIMIZATION_LEVEL = "-O";
				VALIDATE_PRODUCT = YES;
			};
			name = Release;
		};
		21DEEECB2480606200CDE4E0 /* Debug */ = {
			isa = XCBuildConfiguration;
			buildSettings = {
				ASSETCATALOG_COMPILER_APPICON_NAME = AppIcon;
				CODE_SIGN_STYLE = Automatic;
				DEVELOPMENT_TEAM = 635M8H5NR9;
				INFOPLIST_FILE = XyloLearn/Info.plist;
				LD_RUNPATH_SEARCH_PATHS = (
					"$(inherited)",
					"@executable_path/Frameworks",
				);
				PRODUCT_BUNDLE_IDENTIFIER = com.bubbapedia.XyloLearn;
				PRODUCT_NAME = "$(TARGET_NAME)";
				SWIFT_VERSION = 5.0;
				TARGETED_DEVICE_FAMILY = "1,2";
			};
			name = Debug;
		};
		21DEEECC2480606200CDE4E0 /* Release */ = {
			isa = XCBuildConfiguration;
			buildSettings = {
				ASSETCATALOG_COMPILER_APPICON_NAME = AppIcon;
				CODE_SIGN_STYLE = Automatic;
				DEVELOPMENT_TEAM = 635M8H5NR9;
				INFOPLIST_FILE = XyloLearn/Info.plist;
				LD_RUNPATH_SEARCH_PATHS = (
					"$(inherited)",
					"@executable_path/Frameworks",
				);
				PRODUCT_BUNDLE_IDENTIFIER = com.bubbapedia.XyloLearn;
				PRODUCT_NAME = "$(TARGET_NAME)";
				SWIFT_VERSION = 5.0;
				TARGETED_DEVICE_FAMILY = "1,2";
			};
			name = Release;
		};
/* End XCBuildConfiguration section */

/* Begin XCConfigurationList section */
		21DEEEB12480605F00CDE4E0 /* Build configuration list for PBXProject "XyloLearn" */ = {
			isa = XCConfigurationList;
			buildConfigurations = (
				21DEEEC82480606200CDE4E0 /* Debug */,
				21DEEEC92480606200CDE4E0 /* Release */,
			);
			defaultConfigurationIsVisible = 0;
			defaultConfigurationName = Release;
		};
		21DEEECA2480606200CDE4E0 /* Build configuration list for PBXNativeTarget "XyloLearn" */ = {
			isa = XCConfigurationList;
			buildConfigurations = (
				21DEEECB2480606200CDE4E0 /* Debug */,
				21DEEECC2480606200CDE4E0 /* Release */,
			);
			defaultConfigurationIsVisible = 0;
			defaultConfigurationName = Release;
		};
/* End XCConfigurationList section */
	};
	rootObject = 21DEEEAE2480605F00CDE4E0 /* Project object */;
}
